// !$*UTF8*$!
{
	archiveVersion = 1;
	classes = {
	};
	objectVersion = 77;
	objects = {

/* Begin PBXBuildFile section */
		22575FE1672CB6B5648DFA9F /* RootView.swift in Sources */ = {isa = PBXBuildFile; fileRef = 5E397CFAB209E4AB0BA05F9E /* RootView.swift */; };
		2AA5DAD501CD5B87340FE276 /* GRDB in Frameworks */ = {isa = PBXBuildFile; productRef = 59E6B95800688673A241E16D /* GRDB */; };
		2D8E52EEADAC9497FCECD6A9 /* GolfCaddieApp.swift in Sources */ = {isa = PBXBuildFile; fileRef = A5F9D1D1F38C2FB8EA42882E /* GolfCaddieApp.swift */; };
		53D6829720D4A507EB1F1933 /* Database.swift in Sources */ = {isa = PBXBuildFile; fileRef = 6647B81638FF6AD842CEF465 /* Database.swift */; };
/* End PBXBuildFile section */

/* Begin PBXFileReference section */
		5E397CFAB209E4AB0BA05F9E /* RootView.swift */ = {isa = PBXFileReference; lastKnownFileType = sourcecode.swift; path = RootView.swift; sourceTree = "<group>"; };
		6647B81638FF6AD842CEF465 /* Database.swift */ = {isa = PBXFileReference; lastKnownFileType = sourcecode.swift; path = Database.swift; sourceTree = "<group>"; };
		A5F9D1D1F38C2FB8EA42882E /* GolfCaddieApp.swift */ = {isa = PBXFileReference; lastKnownFileType = sourcecode.swift; path = GolfCaddieApp.swift; sourceTree = "<group>"; };
		BC765D7FB5E6B8C9B0976AF0 /* Info.plist */ = {isa = PBXFileReference; lastKnownFileType = text.plist; path = Info.plist; sourceTree = "<group>"; };
		C4E1A5239F7D8B0933F8ADF8 /* GolfCaddie.app */ = {isa = PBXFileReference; includeInIndex = 0; lastKnownFileType = wrapper.application; path = GolfCaddie.app; sourceTree = BUILT_PRODUCTS_DIR; };
/* End PBXFileReference section */

/* Begin PBXFrameworksBuildPhase section */
		9F524BD99E4820ABAD5184F9 /* Frameworks */ = {
			isa = PBXFrameworksBuildPhase;
			buildActionMask = 2147483647;
			files = (
				2AA5DAD501CD5B87340FE276 /* GRDB in Frameworks */,
			);
			runOnlyForDeploymentPostprocessing = 0;
		};
/* End PBXFrameworksBuildPhase section */

/* Begin PBXGroup section */
		60CA06BAAF723DA6B32CADCE /* GolfCaddie */ = {
			isa = PBXGroup;
			children = (
				A5F9D1D1F38C2FB8EA42882E /* GolfCaddieApp.swift */,
				BC765D7FB5E6B8C9B0976AF0 /* Info.plist */,
				F076AD11F85AEE9F09826F88 /* Persistence */,
				895DA5BDE4A35F94E8A542BF /* Views */,
			);
			path = GolfCaddie;
			sourceTree = "<group>";
		};
		895DA5BDE4A35F94E8A542BF /* Views */ = {
			isa = PBXGroup;
			children = (
				5E397CFAB209E4AB0BA05F9E /* RootView.swift */,
			);
			path = Views;
			sourceTree = "<group>";
		};
		B3B010B72A22DCF3F7FEE5C6 = {
			isa = PBXGroup;
			children = (
				60CA06BAAF723DA6B32CADCE /* GolfCaddie */,
				DDA3D7832E5E1661F9EAEC57 /* Products */,
			);
			sourceTree = "<group>";
		};
		DDA3D7832E5E1661F9EAEC57 /* Products */ = {
			isa = PBXGroup;
			children = (
				C4E1A5239F7D8B0933F8ADF8 /* GolfCaddie.app */,
			);
			name = Products;
			sourceTree = "<group>";
		};
		F076AD11F85AEE9F09826F88 /* Persistence */ = {
			isa = PBXGroup;
			children = (
				6647B81638FF6AD842CEF465 /* Database.swift */,
			);
			path = Persistence;
			sourceTree = "<group>";
		};
/* End PBXGroup section */

/* Begin PBXNativeTarget section */
		FF93AC7EA9842DB04CE731FB /* GolfCaddie */ = {
			isa = PBXNativeTarget;
			buildConfigurationList = 68A1B87BCC51DCB2505A489E /* Build configuration list for PBXNativeTarget "GolfCaddie" */;
			buildPhases = (
				F688B403172474472B63C334 /* Sources */,
				9F524BD99E4820ABAD5184F9 /* Frameworks */,
			);
			buildRules = (
			);
			dependencies = (
			);
			name = GolfCaddie;
			packageProductDependencies = (
				59E6B95800688673A241E16D /* GRDB */,
			);
			productName = GolfCaddie;
			productReference = C4E1A5239F7D8B0933F8ADF8 /* GolfCaddie.app */;
			productType = "com.apple.product-type.application";
		};
/* End PBXNativeTarget section */

/* Begin PBXProject section */
		70437B6232E2297C6F46733D /* Project object */ = {
			isa = PBXProject;
			attributes = {
				BuildIndependentTargetsInParallel = YES;
				LastUpgradeCheck = 1430;
				TargetAttributes = {
					FF93AC7EA9842DB04CE731FB = {
						ProvisioningStyle = Automatic;
					};
				};
			};
			buildConfigurationList = E85E5DC1DE18E72C90A934DA /* Build configuration list for PBXProject "GolfCaddie" */;
			developmentRegion = en;
			hasScannedForEncodings = 0;
			knownRegions = (
				Base,
				en,
			);
			mainGroup = B3B010B72A22DCF3F7FEE5C6;
			minimizedProjectReferenceProxies = 1;
			packageReferences = (
				1959314EE3B55AE66FE68212 /* XCRemoteSwiftPackageReference "GRDB.swift" */,
			);
			preferredProjectObjectVersion = 77;
			productRefGroup = DDA3D7832E5E1661F9EAEC57 /* Products */;
			projectDirPath = "";
			projectRoot = "";
			targets = (
				FF93AC7EA9842DB04CE731FB /* GolfCaddie */,
			);
		};
/* End PBXProject section */

/* Begin PBXSourcesBuildPhase section */
		F688B403172474472B63C334 /* Sources */ = {
			isa = PBXSourcesBuildPhase;
			buildActionMask = 2147483647;
			files = (
				53D6829720D4A507EB1F1933 /* Database.swift in Sources */,
				2D8E52EEADAC9497FCECD6A9 /* GolfCaddieApp.swift in Sources */,
				22575FE1672CB6B5648DFA9F /* RootView.swift in Sources */,
			);
			runOnlyForDeploymentPostprocessing = 0;
		};
/* End PBXSourcesBuildPhase section */

/* Begin XCBuildConfiguration section */
		25F779538588C4C383B1EF1A /* Release */ = {
			isa = XCBuildConfiguration;
			buildSettings = {
				ALWAYS_SEARCH_USER_PATHS = NO;
				CLANG_ANALYZER_NONNULL = YES;
				CLANG_ANALYZER_NUMBER_OBJECT_CONVERSION = YES_AGGRESSIVE;
				CLANG_CXX_LANGUAGE_STANDARD = "gnu++14";
				CLANG_CXX_LIBRARY = "libc++";
				CLANG_ENABLE_MODULES = YES;
				CLANG_ENABLE_OBJC_ARC = YES;
				CLANG_ENABLE_OBJC_WEAK = YES;
				CLANG_WARN_BLOCK_CAPTURE_AUTORELEASING = YES;
				CLANG_WARN_BOOL_CONVERSION = YES;
				CLANG_WARN_COMMA = YES;
				CLANG_WARN_CONSTANT_CONVERSION = YES;
				CLANG_WARN_DEPRECATED_OBJC_IMPLEMENTATIONS = YES;
				CLANG_WARN_DIRECT_OBJC_ISA_USAGE = YES_ERROR;
				CLANG_WARN_DOCUMENTATION_COMMENTS = YES;
				CLANG_WARN_EMPTY_BODY = YES;
				CLANG_WARN_ENUM_CONVERSION = YES;
				CLANG_WARN_INFINITE_RECURSION = YES;
				CLANG_WARN_INT_CONVERSION = YES;
				CLANG_WARN_NON_LITERAL_NULL_CONVERSION = YES;
				CLANG_WARN_OBJC_IMPLICIT_RETAIN_SELF = YES;
				CLANG_WARN_OBJC_LITERAL_CONVERSION = YES;
				CLANG_WARN_OBJC_ROOT_CLASS = YES_ERROR;
				CLANG_WARN_QUOTED_INCLUDE_IN_FRAMEWORK_HEADER = YES;
				CLANG_WARN_RANGE_LOOP_ANALYSIS = YES;
				CLANG_WARN_STRICT_PROTOTYPES = YES;
				CLANG_WARN_SUSPICIOUS_MOVE = YES;
				CLANG_WARN_UNGUARDED_AVAILABILITY = YES_AGGRESSIVE;
				CLANG_WARN_UNREACHABLE_CODE = YES;
				CLANG_WARN__DUPLICATE_METHOD_MATCH = YES;
				COPY_PHASE_STRIP = NO;
				DEBUG_INFORMATION_FORMAT = "dwarf-with-dsym";
				ENABLE_NS_ASSERTIONS = NO;
				ENABLE_STRICT_OBJC_MSGSEND = YES;
				GCC_C_LANGUAGE_STANDARD = gnu11;
				GCC_NO_COMMON_BLOCKS = YES;
				GCC_WARN_64_TO_32_BIT_CONVERSION = YES;
				GCC_WARN_ABOUT_RETURN_TYPE = YES_ERROR;
				GCC_WARN_UNDECLARED_SELECTOR = YES;
				GCC_WARN_UNINITIALIZED_AUTOS = YES_AGGRESSIVE;
				GCC_WARN_UNUSED_FUNCTION = YES;
				GCC_WARN_UNUSED_VARIABLE = YES;
				IPHONEOS_DEPLOYMENT_TARGET = 26.0;
				MTL_ENABLE_DEBUG_INFO = NO;
				MTL_FAST_MATH = YES;
				PRODUCT_NAME = "$(TARGET_NAME)";
				SDKROOT = iphoneos;
				SWIFT_COMPILATION_MODE = wholemodule;
				SWIFT_OPTIMIZATION_LEVEL = "-O";
				SWIFT_VERSION = 5.0;
			};
			name = Release;
		};
		7A3B39A4114F4487B88411A8 /* Debug */ = {
			isa = XCBuildConfiguration;
			buildSettings = {
				ASSETCATALOG_COMPILER_APPICON_NAME = AppIcon;
				CODE_SIGN_IDENTITY = "iPhone Developer";
				CODE_SIGN_STYLE = Automatic;
				GENERATE_INFOPLIST_FILE = NO;
				INFOPLIST_FILE = GolfCaddie/Info.plist;
				IPHONEOS_DEPLOYMENT_TARGET = 26.0;
				LD_RUNPATH_SEARCH_PATHS = (
					"$(inherited)",
					"@executable_path/Frameworks",
				);
				PRODUCT_BUNDLE_IDENTIFIER = com.moisesvargasjr.golfcaddie;
				SDKROOT = iphoneos;
				SWIFT_VERSION = 5.0;
				TARGETED_DEVICE_FAMILY = 1;
			};
			name = Debug;
		};
		87544DDA5E0D50102CD3C6D8 /* Debug */ = {
			isa = XCBuildConfiguration;
			buildSettings = {
				ALWAYS_SEARCH_USER_PATHS = NO;
				CLANG_ANALYZER_NONNULL = YES;
				CLANG_ANALYZER_NUMBER_OBJECT_CONVERSION = YES_AGGRESSIVE;
				CLANG_CXX_LANGUAGE_STANDARD = "gnu++14";
				CLANG_CXX_LIBRARY = "libc++";
				CLANG_ENABLE_MODULES = YES;
				CLANG_ENABLE_OBJC_ARC = YES;
				CLANG_ENABLE_OBJC_WEAK = YES;
				CLANG_WARN_BLOCK_CAPTURE_AUTORELEASING = YES;
				CLANG_WARN_BOOL_CONVERSION = YES;
				CLANG_WARN_COMMA = YES;
				CLANG_WARN_CONSTANT_CONVERSION = YES;
				CLANG_WARN_DEPRECATED_OBJC_IMPLEMENTATIONS = YES;
				CLANG_WARN_DIRECT_OBJC_ISA_USAGE = YES_ERROR;
				CLANG_WARN_DOCUMENTATION_COMMENTS = YES;
				CLANG_WARN_EMPTY_BODY = YES;
				CLANG_WARN_ENUM_CONVERSION = YES;
				CLANG_WARN_INFINITE_RECURSION = YES;
				CLANG_WARN_INT_CONVERSION = YES;
				CLANG_WARN_NON_LITERAL_NULL_CONVERSION = YES;
				CLANG_WARN_OBJC_IMPLICIT_RETAIN_SELF = YES;
				CLANG_WARN_OBJC_LITERAL_CONVERSION = YES;
				CLANG_WARN_OBJC_ROOT_CLASS = YES_ERROR;
				CLANG_WARN_QUOTED_INCLUDE_IN_FRAMEWORK_HEADER = YES;
				CLANG_WARN_RANGE_LOOP_ANALYSIS = YES;
				CLANG_WARN_STRICT_PROTOTYPES = YES;
				CLANG_WARN_SUSPICIOUS_MOVE = YES;
				CLANG_WARN_UNGUARDED_AVAILABILITY = YES_AGGRESSIVE;
				CLANG_WARN_UNREACHABLE_CODE = YES;
				CLANG_WARN__DUPLICATE_METHOD_MATCH = YES;
				COPY_PHASE_STRIP = NO;
				DEBUG_INFORMATION_FORMAT = dwarf;
				ENABLE_STRICT_OBJC_MSGSEND = YES;
				ENABLE_TESTABILITY = YES;
				GCC_C_LANGUAGE_STANDARD = gnu11;
				GCC_DYNAMIC_NO_PIC = NO;
				GCC_NO_COMMON_BLOCKS = YES;
				GCC_OPTIMIZATION_LEVEL = 0;
				GCC_PREPROCESSOR_DEFINITIONS = (
					"$(inherited)",
					"DEBUG=1",
				);
				GCC_WARN_64_TO_32_BIT_CONVERSION = YES;
				GCC_WARN_ABOUT_RETURN_TYPE = YES_ERROR;
				GCC_WARN_UNDECLARED_SELECTOR = YES;
				GCC_WARN_UNINITIALIZED_AUTOS = YES_AGGRESSIVE;
				GCC_WARN_UNUSED_FUNCTION = YES;
				GCC_WARN_UNUSED_VARIABLE = YES;
				IPHONEOS_DEPLOYMENT_TARGET = 26.0;
				MTL_ENABLE_DEBUG_INFO = INCLUDE_SOURCE;
				MTL_FAST_MATH = YES;
				ONLY_ACTIVE_ARCH = YES;
				PRODUCT_NAME = "$(TARGET_NAME)";
				SDKROOT = iphoneos;
				SWIFT_ACTIVE_COMPILATION_CONDITIONS = DEBUG;
				SWIFT_OPTIMIZATION_LEVEL = "-Onone";
				SWIFT_VERSION = 5.0;
			};
			name = Debug;
		};
		97386BA44A21F4227B643465 /* Release */ = {
			isa = XCBuildConfiguration;
			buildSettings = {
				ASSETCATALOG_COMPILER_APPICON_NAME = AppIcon;
				CODE_SIGN_IDENTITY = "iPhone Developer";
				CODE_SIGN_STYLE = Automatic;
				GENERATE_INFOPLIST_FILE = NO;
				INFOPLIST_FILE = GolfCaddie/Info.plist;
				IPHONEOS_DEPLOYMENT_TARGET = 26.0;
				LD_RUNPATH_SEARCH_PATHS = (
					"$(inherited)",
					"@executable_path/Frameworks",
				);
				PRODUCT_BUNDLE_IDENTIFIER = com.moisesvargasjr.golfcaddie;
				SDKROOT = iphoneos;
				SWIFT_VERSION = 5.0;
				TARGETED_DEVICE_FAMILY = 1;
			};
			name = Release;
		};
/* End XCBuildConfiguration section */

/* Begin XCConfigurationList section */
		68A1B87BCC51DCB2505A489E /* Build configuration list for PBXNativeTarget "GolfCaddie" */ = {
			isa = XCConfigurationList;
			buildConfigurations = (
				7A3B39A4114F4487B88411A8 /* Debug */,
				97386BA44A21F4227B643465 /* Release */,
			);
			defaultConfigurationIsVisible = 0;
			defaultConfigurationName = Debug;
		};
		E85E5DC1DE18E72C90A934DA /* Build configuration list for PBXProject "GolfCaddie" */ = {
			isa = XCConfigurationList;
			buildConfigurations = (
				87544DDA5E0D50102CD3C6D8 /* Debug */,
				25F779538588C4C383B1EF1A /* Release */,
			);
			defaultConfigurationIsVisible = 0;
			defaultConfigurationName = Debug;
		};
/* End XCConfigurationList section */

/* Begin XCRemoteSwiftPackageReference section */
		1959314EE3B55AE66FE68212 /* XCRemoteSwiftPackageReference "GRDB.swift" */ = {
			isa = XCRemoteSwiftPackageReference;
			repositoryURL = "https://github.com/groue/GRDB.swift";
			requirement = {
				kind = upToNextMajorVersion;
				minimumVersion = 7.0.0;
			};
		};
/* End XCRemoteSwiftPackageReference section */

/* Begin XCSwiftPackageProductDependency section */
		59E6B95800688673A241E16D /* GRDB */ = {
			isa = XCSwiftPackageProductDependency;
			package = 1959314EE3B55AE66FE68212 /* XCRemoteSwiftPackageReference "GRDB.swift" */;
			productName = GRDB;
		};
/* End XCSwiftPackageProductDependency section */
	};
	rootObject = 70437B6232E2297C6F46733D /* Project object */;
}
