// !$*UTF8*$!
{
	archiveVersion = 1;
	classes = {
	};
	objectVersion = 77;
	objects = {

/* Begin PBXBuildFile section */
		01333E0665D7AF66E754B262 /* ClubEditorSheet.swift in Sources */ = {isa = PBXBuildFile; fileRef = 3FFF83224BE1930322659F6A /* ClubEditorSheet.swift */; };
		0148C1A22744756BE154B00D /* RoundController.swift in Sources */ = {isa = PBXBuildFile; fileRef = 4EEE08CB9110FAA5A5C67753 /* RoundController.swift */; };
		0194CC3F7FFCED61C45BFD19 /* ShotReconciler.swift in Sources */ = {isa = PBXBuildFile; fileRef = 92BF9C5A95AE6CF9E14289EA /* ShotReconciler.swift */; };
		03354B7348C4C12F34A294CB /* DebugHarness.swift in Sources */ = {isa = PBXBuildFile; fileRef = F7407F182A7691DE61DC2A6C /* DebugHarness.swift */; };
		039CA4A9AF343A2391067F34 /* CuratedCourse.swift in Sources */ = {isa = PBXBuildFile; fileRef = 5E62A706C5BFF12E6F84135A /* CuratedCourse.swift */; };
		08784BB7FD830BA077986592 /* HoleEditComponents.swift in Sources */ = {isa = PBXBuildFile; fileRef = 2051A514844C59772CDC6D6A /* HoleEditComponents.swift */; };
		08F0CE55EDFE7E279F1DD324 /* Reconstructor.swift in Sources */ = {isa = PBXBuildFile; fileRef = B1E4FAF0DDB5B19A98780D04 /* Reconstructor.swift */; };
		09A1954BACE3929F39169BE7 /* SettingsView.swift in Sources */ = {isa = PBXBuildFile; fileRef = 69B7798115CE09BD0ABC2935 /* SettingsView.swift */; };
		09E3BCDAD4F258F0E3EDFA46 /* Distance.swift in Sources */ = {isa = PBXBuildFile; fileRef = F646E6FC56052DAFAE74D374 /* Distance.swift */; };
		0A3552F134A03D633446A1FD /* RoundListView.swift in Sources */ = {isa = PBXBuildFile; fileRef = D098D5E6FE4AFAD850ABD80F /* RoundListView.swift */; };
		0B2C28A7130D25EC20912668 /* LocationManager.swift in Sources */ = {isa = PBXBuildFile; fileRef = 96B2CACE2697359A5D2E4BD4 /* LocationManager.swift */; };
		0C1F791CBAF8AAC6F8B73396 /* CourseCatalog.swift in Sources */ = {isa = PBXBuildFile; fileRef = F60F94159B63AFEA26728836 /* CourseCatalog.swift */; };
		0EF2031E56038C1D231B9565 /* SpikeSessionReceiver.swift in Sources */ = {isa = PBXBuildFile; fileRef = 1769CEC73832FC6AD02E9011 /* SpikeSessionReceiver.swift */; };
		0FB77782B842E8B14A88BD67 /* Club.swift in Sources */ = {isa = PBXBuildFile; fileRef = D1215933A096A3A8231AEBEF /* Club.swift */; };
		11A1E8EDC9BB598581E1FE30 /* Assets.xcassets in Resources */ = {isa = PBXBuildFile; fileRef = 884D9CFC0229E054A051082C /* Assets.xcassets */; };
		15700E4DBA9FDBD7AA889A28 /* WatchCourseStore.swift in Sources */ = {isa = PBXBuildFile; fileRef = 1F1060586591CAD52578F998 /* WatchCourseStore.swift */; };
		17FD1DC52AF364EF563E4C0B /* HoleReviewSheet.swift in Sources */ = {isa = PBXBuildFile; fileRef = AACE405237B270A6D4E74FBA /* HoleReviewSheet.swift */; };
		1A18A9F7BCBFC37158A638F5 /* SwingEventContract.swift in Sources */ = {isa = PBXBuildFile; fileRef = CB5D2F1264686230AC6D88D6 /* SwingEventContract.swift */; };
		1AD407BC366D6F459F023BC9 /* GolfState.swift in Sources */ = {isa = PBXBuildFile; fileRef = 2BDB736FA47E930506C4C4B9 /* GolfState.swift */; };
		1DC14E4784DFB57E6E4177EE /* MigrationTests.swift in Sources */ = {isa = PBXBuildFile; fileRef = 8A9A0C0BD7378ECCBECDB60C /* MigrationTests.swift */; };
		225506DA8A1DF9251C9D4942 /* LiveSwingDetectorTests.swift in Sources */ = {isa = PBXBuildFile; fileRef = D971A6F753D38667A1738891 /* LiveSwingDetectorTests.swift */; };
		22575FE1672CB6B5648DFA9F /* RootView.swift in Sources */ = {isa = PBXBuildFile; fileRef = 5E397CFAB209E4AB0BA05F9E /* RootView.swift */; };
		28EEDA3023EC6BB27F37253A /* WatchSession.swift in Sources */ = {isa = PBXBuildFile; fileRef = 92F47E9B144E050165B3CCD7 /* WatchSession.swift */; };
		2967C4C44B39F49E41C7E2B0 /* PathBReconstructor.swift in Sources */ = {isa = PBXBuildFile; fileRef = D14668FF0EB7467C98307E69 /* PathBReconstructor.swift */; };
		2A7E41B09E4063659A53726F /* TrackSegmenter.swift in Sources */ = {isa = PBXBuildFile; fileRef = 225FA4D93F76BB901F364194 /* TrackSegmenter.swift */; };
		2AA5DAD501CD5B87340FE276 /* GRDB in Frameworks */ = {isa = PBXBuildFile; productRef = 59E6B95800688673A241E16D /* GRDB */; };
		2C45DDDACF76CF3DD641A328 /* SwingEventContract.swift in Sources */ = {isa = PBXBuildFile; fileRef = CB5D2F1264686230AC6D88D6 /* SwingEventContract.swift */; };
		2CBA38E248175A5AACC13824 /* parity_accel.bin in Resources */ = {isa = PBXBuildFile; fileRef = FE1A6F5FDC821F350D55167B /* parity_accel.bin */; };
		2D8E52EEADAC9497FCECD6A9 /* GolfCaddieApp.swift in Sources */ = {isa = PBXBuildFile; fileRef = A5F9D1D1F38C2FB8EA42882E /* GolfCaddieApp.swift */; };
		2E79FB1C2E13592F4ECF4E1E /* TracePoint.swift in Sources */ = {isa = PBXBuildFile; fileRef = 7B2DC3DBCF0CEB37E7747278 /* TracePoint.swift */; };
		30A3DBD56C27A98821C9CBC8 /* EditableHoleMap.swift in Sources */ = {isa = PBXBuildFile; fileRef = 5F873F1576E56089D8747AF6 /* EditableHoleMap.swift */; };
		360BE88E19AD6D1388D54519 /* LiveSwingDetector.swift in Sources */ = {isa = PBXBuildFile; fileRef = 33BEF213A8B78A46E5D7EC1B /* LiveSwingDetector.swift */; };
		36DD40C0E98308E43BAE13D1 /* LiveSessionController.swift in Sources */ = {isa = PBXBuildFile; fileRef = BD897253F6B7CA504A07AC13 /* LiveSessionController.swift */; };
		38254D2EAB87937F0909E027 /* WatchPreviewDebug.swift in Sources */ = {isa = PBXBuildFile; fileRef = 4B0137E8260A5B654DE993F1 /* WatchPreviewDebug.swift */; };
		3BEEE61E9A58354C243493D9 /* HomeView.swift in Sources */ = {isa = PBXBuildFile; fileRef = 3060BD727058056FCC94E4B4 /* HomeView.swift */; };
		3DDA440A6367402D60919ACF /* Palette.swift in Sources */ = {isa = PBXBuildFile; fileRef = 51AAF43D52E594F84C303988 /* Palette.swift */; };
		408A9E803461EA57CEDD2A13 /* CoursePickerSheet.swift in Sources */ = {isa = PBXBuildFile; fileRef = 5284AA954CF7D6A22EDBF0DA /* CoursePickerSheet.swift */; };
		40C1D692B140407E028E5C1D /* PenaltySheet.swift in Sources */ = {isa = PBXBuildFile; fileRef = 1264865EE57007A986603213 /* PenaltySheet.swift */; };
		416805C2E1F5D4342873E424 /* Repositories.swift in Sources */ = {isa = PBXBuildFile; fileRef = 3CEE490EE5025D93E41E72F2 /* Repositories.swift */; };
		429650F51F88ED31AAACBA73 /* ShotProvenanceTests.swift in Sources */ = {isa = PBXBuildFile; fileRef = 4791A4B1CE59C4B0A85F203B /* ShotProvenanceTests.swift */; };
		42BCC6C41C9D7A6F5B596A0C /* DatabaseExport.swift in Sources */ = {isa = PBXBuildFile; fileRef = 435A866F4F4085EB7AAE374C /* DatabaseExport.swift */; };
		44EBA2F49E8D0BC42F3D1F21 /* Haptics.swift in Sources */ = {isa = PBXBuildFile; fileRef = 0B123209BD00D13CDF3193DD /* Haptics.swift */; };
		4562B70E81824125A7D522FD /* DoubleRule.swift in Sources */ = {isa = PBXBuildFile; fileRef = 6FD0F2CBF0FA371E6D67C122 /* DoubleRule.swift */; };
		476ADE8E1A6A3F29D630E097 /* parity_gyro.bin in Resources */ = {isa = PBXBuildFile; fileRef = A773DA8CA78F51BAA06E458F /* parity_gyro.bin */; };
		4AC2C96E6F49246B0E8B0887 /* parity_reference.json in Resources */ = {isa = PBXBuildFile; fileRef = F5BB7EE3CC8370B46679152F /* parity_reference.json */; };
		53D6829720D4A507EB1F1933 /* Database.swift in Sources */ = {isa = PBXBuildFile; fileRef = 6647B81638FF6AD842CEF465 /* Database.swift */; };
		5940F26F609500864B728F69 /* GolfCaddieWatch.app in Embed Watch Content */ = {isa = PBXBuildFile; fileRef = FEE5998979B02B62A61428D5 /* GolfCaddieWatch.app */; settings = {ATTRIBUTES = (RemoveHeadersOnCopy, ); }; };
		5FCC058F5D19BE5D1BF40506 /* ActiveRoundView.swift in Sources */ = {isa = PBXBuildFile; fileRef = D378A1B035D31197677B6907 /* ActiveRoundView.swift */; };
		63FC2C6E4606E4ECB82C5E2E /* ClubConfiguration.swift in Sources */ = {isa = PBXBuildFile; fileRef = 77D022ED10FCFF616D8B4F7B /* ClubConfiguration.swift */; };
		6671E6DCD9159C766A5E9328 /* TrackSegmenterTests.swift in Sources */ = {isa = PBXBuildFile; fileRef = 1605D89D0BC1BC04C4959583 /* TrackSegmenterTests.swift */; };
		6692E9C57FAA295FFF00D809 /* CourseDetector.swift in Sources */ = {isa = PBXBuildFile; fileRef = 3B6C5585634E087EC01A5E2B /* CourseDetector.swift */; };
		67A02C253A3BF2243347D5C6 /* Hole.swift in Sources */ = {isa = PBXBuildFile; fileRef = 6CE6E9B62A83EB8A57FBFECB /* Hole.swift */; };
		68703A24569E6BC394409AD6 /* URLSchemeHandler.swift in Sources */ = {isa = PBXBuildFile; fileRef = 4FD787675A817C8149A4A884 /* URLSchemeHandler.swift */; };
		68BB65559653CCF8BC837595 /* Theme.swift in Sources */ = {isa = PBXBuildFile; fileRef = 7A27A1DEDB2B555E7F5ECCA4 /* Theme.swift */; };
		69197FFD9C4E3905F171AC76 /* CourseCatalogTests.swift in Sources */ = {isa = PBXBuildFile; fileRef = B96FEF495A19646584595DE9 /* CourseCatalogTests.swift */; };
		69DA1257B5848204D10965EF /* PaperBackground.swift in Sources */ = {isa = PBXBuildFile; fileRef = 0BB91FA759EC17490CD9892B /* PaperBackground.swift */; };
		6CEA09C75BBAE5EE1C8E42B2 /* WatchCommandIdempotencyTests.swift in Sources */ = {isa = PBXBuildFile; fileRef = BCE6B9DDFAAC23537DB021F9 /* WatchCommandIdempotencyTests.swift */; };
		72D67C615D4FCA53848A2F03 /* SpikeSessionsView.swift in Sources */ = {isa = PBXBuildFile; fileRef = 0227A16CB2DE1B1E51C5713B /* SpikeSessionsView.swift */; };
		7699F5EC014A132209E6E9F9 /* IsPuttDerivationTests.swift in Sources */ = {isa = PBXBuildFile; fileRef = 1C07BB10722BB642D1510227 /* IsPuttDerivationTests.swift */; };
		7AE2C148B6AD19CA9C482606 /* SessionMeta.swift in Sources */ = {isa = PBXBuildFile; fileRef = 3CD873D31FBEDA03AAC3EB7A /* SessionMeta.swift */; };
		7C7DDE425EE1511B86C06237 /* TestDatabase.swift in Sources */ = {isa = PBXBuildFile; fileRef = 9C4C8B7425BAF1C70663535C /* TestDatabase.swift */; };
		7DA91DFBFD17CA0C079142E3 /* Stamp.swift in Sources */ = {isa = PBXBuildFile; fileRef = 34060B43428C97611E8532F4 /* Stamp.swift */; };
		8560129CF8022BF3D73DC681 /* WatchStatePublisher.swift in Sources */ = {isa = PBXBuildFile; fileRef = AAD0B7E81AC25EB8B83B9463 /* WatchStatePublisher.swift */; };
		8A7527673057375382523425 /* CourseCatalog.swift in Sources */ = {isa = PBXBuildFile; fileRef = F60F94159B63AFEA26728836 /* CourseCatalog.swift */; };
		8ABA2DDCBFA18A40BDCB9685 /* Distance.swift in Sources */ = {isa = PBXBuildFile; fileRef = F646E6FC56052DAFAE74D374 /* Distance.swift */; };
		8DB18581CE5F8E81598E66AE /* TracePointRepositoryTests.swift in Sources */ = {isa = PBXBuildFile; fileRef = 1F44C2D883B910A964ED558B /* TracePointRepositoryTests.swift */; };
		902F0F87AA6D7EB2FCE2AE0D /* WatchCaddie.swift in Sources */ = {isa = PBXBuildFile; fileRef = BFA694378BF585952A8FA8FC /* WatchCaddie.swift */; };
		90380A786BDF63842FA7C18B /* WatchLocationProvider.swift in Sources */ = {isa = PBXBuildFile; fileRef = C293544F208E500DAE795D2E /* WatchLocationProvider.swift */; };
		90E013D2FA35B580E792CDA1 /* ClubRepositoryTests.swift in Sources */ = {isa = PBXBuildFile; fileRef = 8FD6949066E849BBA391ED41 /* ClubRepositoryTests.swift */; };
		95AD9FF04B01CA91C846B5FD /* DistanceTests.swift in Sources */ = {isa = PBXBuildFile; fileRef = C50E81AFF23C93859674DBC3 /* DistanceTests.swift */; };
		96D74403972662372AD70656 /* WorkoutKeeper.swift in Sources */ = {isa = PBXBuildFile; fileRef = 13EE4984E072F75275181202 /* WorkoutKeeper.swift */; };
		9726158DC21C77DBB75448BD /* HoleDetailView.swift in Sources */ = {isa = PBXBuildFile; fileRef = C87D45D677F510D8534863B6 /* HoleDetailView.swift */; };
		9BB2735CE47EA751994F7D3C /* WatchCatalogPusher.swift in Sources */ = {isa = PBXBuildFile; fileRef = 8F713A68FDC1375D0DB06E15 /* WatchCatalogPusher.swift */; };
		9CC12C43E199B5192E650A44 /* LiveSwingDetector.swift in Sources */ = {isa = PBXBuildFile; fileRef = 33BEF213A8B78A46E5D7EC1B /* LiveSwingDetector.swift */; };
		9CE74575B01074FDFC500E06 /* PaperCard.swift in Sources */ = {isa = PBXBuildFile; fileRef = C58DC006704EB3894FA98CDC /* PaperCard.swift */; };
		AD67093420786372B137F195 /* ClubAverages.swift in Sources */ = {isa = PBXBuildFile; fileRef = 64F0AEAEB00F6F5EEF0CE661 /* ClubAverages.swift */; };
		ADC2D2D182AEAA6AC1C43D1C /* HoleGridSheet.swift in Sources */ = {isa = PBXBuildFile; fileRef = 35EC59F88A91476EF4968B7F /* HoleGridSheet.swift */; };
		AED513456978BBBE0CF387BD /* GlassesStateMapper.swift in Sources */ = {isa = PBXBuildFile; fileRef = E051EE56A58BB2C7F9009E15 /* GlassesStateMapper.swift */; };
		B3BFD56BF49966147EE43E8C /* ClubAveragesTests.swift in Sources */ = {isa = PBXBuildFile; fileRef = 834A29B7FA85FCD58F7784FA /* ClubAveragesTests.swift */; };
		B49B8267DE6AAD4FD181D2FD /* BatteryMonitor.swift in Sources */ = {isa = PBXBuildFile; fileRef = 35A3CB04BABA68C70A9DB968 /* BatteryMonitor.swift */; };
		B6127BDB7C32100F76A455AA /* Round.swift in Sources */ = {isa = PBXBuildFile; fileRef = 224DF50D0D03AB8F95BFA8A0 /* Round.swift */; };
		B6F539EDFA096CDA5BB240C5 /* Typography.swift in Sources */ = {isa = PBXBuildFile; fileRef = AE927BEC688564893260BEE1 /* Typography.swift */; };
		B72205059ABB8B6809F16ACF /* WatchRootView.swift in Sources */ = {isa = PBXBuildFile; fileRef = 6C1EB3A36BF637FD4CBE5AB5 /* WatchRootView.swift */; };
		BF4CB2C25356B113E16430C5 /* Penalty.swift in Sources */ = {isa = PBXBuildFile; fileRef = 4869F686A79319D1C3C34BD3 /* Penalty.swift */; };
		C1082490B3E9BDBEC743C2FF /* GlassesServer.swift in Sources */ = {isa = PBXBuildFile; fileRef = 6A297529DB11A446C33D0138 /* GlassesServer.swift */; };
		C233D47E9D7FA04782F24312 /* ActiveRoundMap.swift in Sources */ = {isa = PBXBuildFile; fileRef = 6E1EEDC778425328B2C85D2B /* ActiveRoundMap.swift */; };
		C2AA9321C5057098D782210F /* Assets.xcassets in Resources */ = {isa = PBXBuildFile; fileRef = 3C1416B01A8D351562763700 /* Assets.xcassets */; };
		C484E3007DAC72948353A765 /* GlassesStateMapperTests.swift in Sources */ = {isa = PBXBuildFile; fileRef = 14435F38C886D865EF996AAF /* GlassesStateMapperTests.swift */; };
		C6522FA199AE44507D38DADD /* BagSetupView.swift in Sources */ = {isa = PBXBuildFile; fileRef = 2D2B5E6DEB2E65AB3E9B4FF6 /* BagSetupView.swift */; };
		C80562B95CBEE76185D37CA0 /* HolePinMapSheet.swift in Sources */ = {isa = PBXBuildFile; fileRef = 4A0D4AC81E30AEAA643D7032 /* HolePinMapSheet.swift */; };
		C942995D31409E104529FD6A /* InRoundScorecardSheet.swift in Sources */ = {isa = PBXBuildFile; fileRef = 842BC140AF421DC76E8BD211 /* InRoundScorecardSheet.swift */; };
		CA86EFB30EB12E73215FC5DF /* WatchTheme.swift in Sources */ = {isa = PBXBuildFile; fileRef = 263F96D198BDF6B0C3CAF42A /* WatchTheme.swift */; };
		CB5A9A9C16C208A86FEB4EE3 /* ScoreBadge.swift in Sources */ = {isa = PBXBuildFile; fileRef = 5BD3C05D57722A9BAB47D008 /* ScoreBadge.swift */; };
		CBB6B38E8C04976ED996FBEB /* ShotReconcilerTests.swift in Sources */ = {isa = PBXBuildFile; fileRef = 2A3B9A55AF8B0E6E38607DC6 /* ShotReconcilerTests.swift */; };
		D64EE03942171ADEAC1E7631 /* HoleReconstructionCard.swift in Sources */ = {isa = PBXBuildFile; fileRef = F5AD27F0EAF79D4FDB5F7F21 /* HoleReconstructionCard.swift */; };
		DC8BE80DAAB549E9454A615C /* PathBReconstructorTests.swift in Sources */ = {isa = PBXBuildFile; fileRef = B93BC82B8625652553A724C9 /* PathBReconstructorTests.swift */; };
		E2DD95E6606B16CA5F9708BC /* Shot.swift in Sources */ = {isa = PBXBuildFile; fileRef = 9BA158C6DE12A37EE04DDB8A /* Shot.swift */; };
		E40803A8881963B7E9F998A2 /* ClubValidation.swift in Sources */ = {isa = PBXBuildFile; fileRef = 928974233C727A81AEE4C39F /* ClubValidation.swift */; };
		E92720B1E160C818CD26CE54 /* RoundReviewView.swift in Sources */ = {isa = PBXBuildFile; fileRef = 93B17A3F3D410A32FD5F0025 /* RoundReviewView.swift */; };
		EC4CC5CEB96985DE19576B95 /* ReconstructorTests.swift in Sources */ = {isa = PBXBuildFile; fileRef = 99D1CB046E09AF9D51F5458D /* ReconstructorTests.swift */; };
		F500EC7B8F71C46594272715 /* TracePointRepository.swift in Sources */ = {isa = PBXBuildFile; fileRef = 1C994A588B1A1EC1A70BC968 /* TracePointRepository.swift */; };
		F5600B480A2E8A325771D9AD /* ClubCatalog.swift in Sources */ = {isa = PBXBuildFile; fileRef = A5FC27DDE8AF0E9290B9D77F /* ClubCatalog.swift */; };
		F800F27EC23275A8AB28A172 /* LiveShotCoordinator.swift in Sources */ = {isa = PBXBuildFile; fileRef = 15A6FE612B4F81639031484C /* LiveShotCoordinator.swift */; };
		F9437FBF4074F34BFCF88C0E /* GolfCaddieWatchApp.swift in Sources */ = {isa = PBXBuildFile; fileRef = C6540B9B83E5D036D2B334BB /* GolfCaddieWatchApp.swift */; };
		FB9EBD2ADBA0FBEA9DAA17D0 /* LiveMarkPathTests.swift in Sources */ = {isa = PBXBuildFile; fileRef = 6EFCC0D060DCC7796FA384D2 /* LiveMarkPathTests.swift */; };
		FD6ADFAA4F78E1C44D942621 /* MissingShotPinSheet.swift in Sources */ = {isa = PBXBuildFile; fileRef = 04E81FAE555CB03AF3150640 /* MissingShotPinSheet.swift */; };
		FD79038B752DBA657B0BDF4A /* MotionRecorder.swift in Sources */ = {isa = PBXBuildFile; fileRef = 2E475F6959737E6990AB467F /* MotionRecorder.swift */; };
		FE00F9007082FC6220E47E2F /* CourseSyncClient.swift in Sources */ = {isa = PBXBuildFile; fileRef = 72F2EB7B56EA81319C703297 /* CourseSyncClient.swift */; };
/* End PBXBuildFile section */

/* Begin PBXContainerItemProxy section */
		00831FBDA0BD5EF3C12CFEBA /* PBXContainerItemProxy */ = {
			isa = PBXContainerItemProxy;
			containerPortal = 70437B6232E2297C6F46733D /* Project object */;
			proxyType = 1;
			remoteGlobalIDString = FF93AC7EA9842DB04CE731FB;
			remoteInfo = GolfCaddie;
		};
		7379359A7E407DE307633301 /* PBXContainerItemProxy */ = {
			isa = PBXContainerItemProxy;
			containerPortal = 70437B6232E2297C6F46733D /* Project object */;
			proxyType = 1;
			remoteGlobalIDString = 022610A1659A2A3A5B041F19;
			remoteInfo = GolfCaddieWatch;
		};
/* End PBXContainerItemProxy section */

/* Begin PBXCopyFilesBuildPhase section */
		8569A5E5EE797F0119189EE1 /* Embed Watch Content */ = {
			isa = PBXCopyFilesBuildPhase;
			buildActionMask = 2147483647;
			dstPath = "$(CONTENTS_FOLDER_PATH)/Watch";
			dstSubfolderSpec = 16;
			files = (
				5940F26F609500864B728F69 /* GolfCaddieWatch.app in Embed Watch Content */,
			);
			name = "Embed Watch Content";
			runOnlyForDeploymentPostprocessing = 0;
		};
/* End PBXCopyFilesBuildPhase section */

/* Begin PBXFileReference section */
		0227A16CB2DE1B1E51C5713B /* SpikeSessionsView.swift */ = {isa = PBXFileReference; lastKnownFileType = sourcecode.swift; path = SpikeSessionsView.swift; sourceTree = "<group>"; };
		04E81FAE555CB03AF3150640 /* MissingShotPinSheet.swift */ = {isa = PBXFileReference; lastKnownFileType = sourcecode.swift; path = MissingShotPinSheet.swift; sourceTree = "<group>"; };
		0B123209BD00D13CDF3193DD /* Haptics.swift */ = {isa = PBXFileReference; lastKnownFileType = sourcecode.swift; path = Haptics.swift; sourceTree = "<group>"; };
		0BB91FA759EC17490CD9892B /* PaperBackground.swift */ = {isa = PBXFileReference; lastKnownFileType = sourcecode.swift; path = PaperBackground.swift; sourceTree = "<group>"; };
		1264865EE57007A986603213 /* PenaltySheet.swift */ = {isa = PBXFileReference; lastKnownFileType = sourcecode.swift; path = PenaltySheet.swift; sourceTree = "<group>"; };
		13EE4984E072F75275181202 /* WorkoutKeeper.swift */ = {isa = PBXFileReference; lastKnownFileType = sourcecode.swift; path = WorkoutKeeper.swift; sourceTree = "<group>"; };
		14435F38C886D865EF996AAF /* GlassesStateMapperTests.swift */ = {isa = PBXFileReference; lastKnownFileType = sourcecode.swift; path = GlassesStateMapperTests.swift; sourceTree = "<group>"; };
		15A6FE612B4F81639031484C /* LiveShotCoordinator.swift */ = {isa = PBXFileReference; lastKnownFileType = sourcecode.swift; path = LiveShotCoordinator.swift; sourceTree = "<group>"; };
		1605D89D0BC1BC04C4959583 /* TrackSegmenterTests.swift */ = {isa = PBXFileReference; lastKnownFileType = sourcecode.swift; path = TrackSegmenterTests.swift; sourceTree = "<group>"; };
		1769CEC73832FC6AD02E9011 /* SpikeSessionReceiver.swift */ = {isa = PBXFileReference; lastKnownFileType = sourcecode.swift; path = SpikeSessionReceiver.swift; sourceTree = "<group>"; };
		1C07BB10722BB642D1510227 /* IsPuttDerivationTests.swift */ = {isa = PBXFileReference; lastKnownFileType = sourcecode.swift; path = IsPuttDerivationTests.swift; sourceTree = "<group>"; };
		1C994A588B1A1EC1A70BC968 /* TracePointRepository.swift */ = {isa = PBXFileReference; lastKnownFileType = sourcecode.swift; path = TracePointRepository.swift; sourceTree = "<group>"; };
		1F1060586591CAD52578F998 /* WatchCourseStore.swift */ = {isa = PBXFileReference; lastKnownFileType = sourcecode.swift; path = WatchCourseStore.swift; sourceTree = "<group>"; };
		1F44C2D883B910A964ED558B /* TracePointRepositoryTests.swift */ = {isa = PBXFileReference; lastKnownFileType = sourcecode.swift; path = TracePointRepositoryTests.swift; sourceTree = "<group>"; };
		2051A514844C59772CDC6D6A /* HoleEditComponents.swift */ = {isa = PBXFileReference; lastKnownFileType = sourcecode.swift; path = HoleEditComponents.swift; sourceTree = "<group>"; };
		224DF50D0D03AB8F95BFA8A0 /* Round.swift */ = {isa = PBXFileReference; lastKnownFileType = sourcecode.swift; path = Round.swift; sourceTree = "<group>"; };
		225FA4D93F76BB901F364194 /* TrackSegmenter.swift */ = {isa = PBXFileReference; lastKnownFileType = sourcecode.swift; path = TrackSegmenter.swift; sourceTree = "<group>"; };
		263F96D198BDF6B0C3CAF42A /* WatchTheme.swift */ = {isa = PBXFileReference; lastKnownFileType = sourcecode.swift; path = WatchTheme.swift; sourceTree = "<group>"; };
		2A3B9A55AF8B0E6E38607DC6 /* ShotReconcilerTests.swift */ = {isa = PBXFileReference; lastKnownFileType = sourcecode.swift; path = ShotReconcilerTests.swift; sourceTree = "<group>"; };
		2BDB736FA47E930506C4C4B9 /* GolfState.swift */ = {isa = PBXFileReference; lastKnownFileType = sourcecode.swift; path = GolfState.swift; sourceTree = "<group>"; };
		2D2B5E6DEB2E65AB3E9B4FF6 /* BagSetupView.swift */ = {isa = PBXFileReference; lastKnownFileType = sourcecode.swift; path = BagSetupView.swift; sourceTree = "<group>"; };
		2E475F6959737E6990AB467F /* MotionRecorder.swift */ = {isa = PBXFileReference; lastKnownFileType = sourcecode.swift; path = MotionRecorder.swift; sourceTree = "<group>"; };
		3060BD727058056FCC94E4B4 /* HomeView.swift */ = {isa = PBXFileReference; lastKnownFileType = sourcecode.swift; path = HomeView.swift; sourceTree = "<group>"; };
		33BEF213A8B78A46E5D7EC1B /* LiveSwingDetector.swift */ = {isa = PBXFileReference; lastKnownFileType = sourcecode.swift; path = LiveSwingDetector.swift; sourceTree = "<group>"; };
		34060B43428C97611E8532F4 /* Stamp.swift */ = {isa = PBXFileReference; lastKnownFileType = sourcecode.swift; path = Stamp.swift; sourceTree = "<group>"; };
		35A3CB04BABA68C70A9DB968 /* BatteryMonitor.swift */ = {isa = PBXFileReference; lastKnownFileType = sourcecode.swift; path = BatteryMonitor.swift; sourceTree = "<group>"; };
		35EC59F88A91476EF4968B7F /* HoleGridSheet.swift */ = {isa = PBXFileReference; lastKnownFileType = sourcecode.swift; path = HoleGridSheet.swift; sourceTree = "<group>"; };
		3B6C5585634E087EC01A5E2B /* CourseDetector.swift */ = {isa = PBXFileReference; lastKnownFileType = sourcecode.swift; path = CourseDetector.swift; sourceTree = "<group>"; };
		3C1416B01A8D351562763700 /* Assets.xcassets */ = {isa = PBXFileReference; lastKnownFileType = folder.assetcatalog; path = Assets.xcassets; sourceTree = "<group>"; };
		3CD873D31FBEDA03AAC3EB7A /* SessionMeta.swift */ = {isa = PBXFileReference; lastKnownFileType = sourcecode.swift; path = SessionMeta.swift; sourceTree = "<group>"; };
		3CEE490EE5025D93E41E72F2 /* Repositories.swift */ = {isa = PBXFileReference; lastKnownFileType = sourcecode.swift; path = Repositories.swift; sourceTree = "<group>"; };
		3FFF83224BE1930322659F6A /* ClubEditorSheet.swift */ = {isa = PBXFileReference; lastKnownFileType = sourcecode.swift; path = ClubEditorSheet.swift; sourceTree = "<group>"; };
		435A866F4F4085EB7AAE374C /* DatabaseExport.swift */ = {isa = PBXFileReference; lastKnownFileType = sourcecode.swift; path = DatabaseExport.swift; sourceTree = "<group>"; };
		4791A4B1CE59C4B0A85F203B /* ShotProvenanceTests.swift */ = {isa = PBXFileReference; lastKnownFileType = sourcecode.swift; path = ShotProvenanceTests.swift; sourceTree = "<group>"; };
		4869F686A79319D1C3C34BD3 /* Penalty.swift */ = {isa = PBXFileReference; lastKnownFileType = sourcecode.swift; path = Penalty.swift; sourceTree = "<group>"; };
		4A0D4AC81E30AEAA643D7032 /* HolePinMapSheet.swift */ = {isa = PBXFileReference; lastKnownFileType = sourcecode.swift; path = HolePinMapSheet.swift; sourceTree = "<group>"; };
		4B0137E8260A5B654DE993F1 /* WatchPreviewDebug.swift */ = {isa = PBXFileReference; lastKnownFileType = sourcecode.swift; path = WatchPreviewDebug.swift; sourceTree = "<group>"; };
		4EEE08CB9110FAA5A5C67753 /* RoundController.swift */ = {isa = PBXFileReference; lastKnownFileType = sourcecode.swift; path = RoundController.swift; sourceTree = "<group>"; };
		4FD787675A817C8149A4A884 /* URLSchemeHandler.swift */ = {isa = PBXFileReference; lastKnownFileType = sourcecode.swift; path = URLSchemeHandler.swift; sourceTree = "<group>"; };
		51AAF43D52E594F84C303988 /* Palette.swift */ = {isa = PBXFileReference; lastKnownFileType = sourcecode.swift; path = Palette.swift; sourceTree = "<group>"; };
		5284AA954CF7D6A22EDBF0DA /* CoursePickerSheet.swift */ = {isa = PBXFileReference; lastKnownFileType = sourcecode.swift; path = CoursePickerSheet.swift; sourceTree = "<group>"; };
		5BD3C05D57722A9BAB47D008 /* ScoreBadge.swift */ = {isa = PBXFileReference; lastKnownFileType = sourcecode.swift; path = ScoreBadge.swift; sourceTree = "<group>"; };
		5E397CFAB209E4AB0BA05F9E /* RootView.swift */ = {isa = PBXFileReference; lastKnownFileType = sourcecode.swift; path = RootView.swift; sourceTree = "<group>"; };
		5E62A706C5BFF12E6F84135A /* CuratedCourse.swift */ = {isa = PBXFileReference; lastKnownFileType = sourcecode.swift; path = CuratedCourse.swift; sourceTree = "<group>"; };
		5F873F1576E56089D8747AF6 /* EditableHoleMap.swift */ = {isa = PBXFileReference; lastKnownFileType = sourcecode.swift; path = EditableHoleMap.swift; sourceTree = "<group>"; };
		64F0AEAEB00F6F5EEF0CE661 /* ClubAverages.swift */ = {isa = PBXFileReference; lastKnownFileType = sourcecode.swift; path = ClubAverages.swift; sourceTree = "<group>"; };
		6647B81638FF6AD842CEF465 /* Database.swift */ = {isa = PBXFileReference; lastKnownFileType = sourcecode.swift; path = Database.swift; sourceTree = "<group>"; };
		69B7798115CE09BD0ABC2935 /* SettingsView.swift */ = {isa = PBXFileReference; lastKnownFileType = sourcecode.swift; path = SettingsView.swift; sourceTree = "<group>"; };
		6A297529DB11A446C33D0138 /* GlassesServer.swift */ = {isa = PBXFileReference; lastKnownFileType = sourcecode.swift; path = GlassesServer.swift; sourceTree = "<group>"; };
		6C1EB3A36BF637FD4CBE5AB5 /* WatchRootView.swift */ = {isa = PBXFileReference; lastKnownFileType = sourcecode.swift; path = WatchRootView.swift; sourceTree = "<group>"; };
		6CE6E9B62A83EB8A57FBFECB /* Hole.swift */ = {isa = PBXFileReference; lastKnownFileType = sourcecode.swift; path = Hole.swift; sourceTree = "<group>"; };
		6E1EEDC778425328B2C85D2B /* ActiveRoundMap.swift */ = {isa = PBXFileReference; lastKnownFileType = sourcecode.swift; path = ActiveRoundMap.swift; sourceTree = "<group>"; };
		6EFCC0D060DCC7796FA384D2 /* LiveMarkPathTests.swift */ = {isa = PBXFileReference; lastKnownFileType = sourcecode.swift; path = LiveMarkPathTests.swift; sourceTree = "<group>"; };
		6FD0F2CBF0FA371E6D67C122 /* DoubleRule.swift */ = {isa = PBXFileReference; lastKnownFileType = sourcecode.swift; path = DoubleRule.swift; sourceTree = "<group>"; };
		72F2EB7B56EA81319C703297 /* CourseSyncClient.swift */ = {isa = PBXFileReference; lastKnownFileType = sourcecode.swift; path = CourseSyncClient.swift; sourceTree = "<group>"; };
		77D022ED10FCFF616D8B4F7B /* ClubConfiguration.swift */ = {isa = PBXFileReference; lastKnownFileType = sourcecode.swift; path = ClubConfiguration.swift; sourceTree = "<group>"; };
		7A27A1DEDB2B555E7F5ECCA4 /* Theme.swift */ = {isa = PBXFileReference; lastKnownFileType = sourcecode.swift; path = Theme.swift; sourceTree = "<group>"; };
		7B2DC3DBCF0CEB37E7747278 /* TracePoint.swift */ = {isa = PBXFileReference; lastKnownFileType = sourcecode.swift; path = TracePoint.swift; sourceTree = "<group>"; };
		81401367B028C28D4F518C8C /* GolfCaddie.entitlements */ = {isa = PBXFileReference; lastKnownFileType = text.plist.entitlements; path = GolfCaddie.entitlements; sourceTree = "<group>"; };
		834A29B7FA85FCD58F7784FA /* ClubAveragesTests.swift */ = {isa = PBXFileReference; lastKnownFileType = sourcecode.swift; path = ClubAveragesTests.swift; sourceTree = "<group>"; };
		842BC140AF421DC76E8BD211 /* InRoundScorecardSheet.swift */ = {isa = PBXFileReference; lastKnownFileType = sourcecode.swift; path = InRoundScorecardSheet.swift; sourceTree = "<group>"; };
		884D9CFC0229E054A051082C /* Assets.xcassets */ = {isa = PBXFileReference; lastKnownFileType = folder.assetcatalog; path = Assets.xcassets; sourceTree = "<group>"; };
		8A9A0C0BD7378ECCBECDB60C /* MigrationTests.swift */ = {isa = PBXFileReference; lastKnownFileType = sourcecode.swift; path = MigrationTests.swift; sourceTree = "<group>"; };
		8F713A68FDC1375D0DB06E15 /* WatchCatalogPusher.swift */ = {isa = PBXFileReference; lastKnownFileType = sourcecode.swift; path = WatchCatalogPusher.swift; sourceTree = "<group>"; };
		8FD6949066E849BBA391ED41 /* ClubRepositoryTests.swift */ = {isa = PBXFileReference; lastKnownFileType = sourcecode.swift; path = ClubRepositoryTests.swift; sourceTree = "<group>"; };
		928974233C727A81AEE4C39F /* ClubValidation.swift */ = {isa = PBXFileReference; lastKnownFileType = sourcecode.swift; path = ClubValidation.swift; sourceTree = "<group>"; };
		92BF9C5A95AE6CF9E14289EA /* ShotReconciler.swift */ = {isa = PBXFileReference; lastKnownFileType = sourcecode.swift; path = ShotReconciler.swift; sourceTree = "<group>"; };
		92F47E9B144E050165B3CCD7 /* WatchSession.swift */ = {isa = PBXFileReference; lastKnownFileType = sourcecode.swift; path = WatchSession.swift; sourceTree = "<group>"; };
		93149E8D0685E58AA5236942 /* GolfCaddieWatch.entitlements */ = {isa = PBXFileReference; lastKnownFileType = text.plist.entitlements; path = GolfCaddieWatch.entitlements; sourceTree = "<group>"; };
		93B17A3F3D410A32FD5F0025 /* RoundReviewView.swift */ = {isa = PBXFileReference; lastKnownFileType = sourcecode.swift; path = RoundReviewView.swift; sourceTree = "<group>"; };
		96B2CACE2697359A5D2E4BD4 /* LocationManager.swift */ = {isa = PBXFileReference; lastKnownFileType = sourcecode.swift; path = LocationManager.swift; sourceTree = "<group>"; };
		99D1CB046E09AF9D51F5458D /* ReconstructorTests.swift */ = {isa = PBXFileReference; lastKnownFileType = sourcecode.swift; path = ReconstructorTests.swift; sourceTree = "<group>"; };
		9BA158C6DE12A37EE04DDB8A /* Shot.swift */ = {isa = PBXFileReference; lastKnownFileType = sourcecode.swift; path = Shot.swift; sourceTree = "<group>"; };
		9C4C8B7425BAF1C70663535C /* TestDatabase.swift */ = {isa = PBXFileReference; lastKnownFileType = sourcecode.swift; path = TestDatabase.swift; sourceTree = "<group>"; };
		9ED96BDB38383FABAC3BC492 /* Info.plist */ = {isa = PBXFileReference; lastKnownFileType = text.plist; path = Info.plist; sourceTree = "<group>"; };
		A5F9D1D1F38C2FB8EA42882E /* GolfCaddieApp.swift */ = {isa = PBXFileReference; lastKnownFileType = sourcecode.swift; path = GolfCaddieApp.swift; sourceTree = "<group>"; };
		A5FC27DDE8AF0E9290B9D77F /* ClubCatalog.swift */ = {isa = PBXFileReference; lastKnownFileType = sourcecode.swift; path = ClubCatalog.swift; sourceTree = "<group>"; };
		A773DA8CA78F51BAA06E458F /* parity_gyro.bin */ = {isa = PBXFileReference; lastKnownFileType = archive.macbinary; path = parity_gyro.bin; sourceTree = "<group>"; };
		AACE405237B270A6D4E74FBA /* HoleReviewSheet.swift */ = {isa = PBXFileReference; lastKnownFileType = sourcecode.swift; path = HoleReviewSheet.swift; sourceTree = "<group>"; };
		AAD0B7E81AC25EB8B83B9463 /* WatchStatePublisher.swift */ = {isa = PBXFileReference; lastKnownFileType = sourcecode.swift; path = WatchStatePublisher.swift; sourceTree = "<group>"; };
		AE927BEC688564893260BEE1 /* Typography.swift */ = {isa = PBXFileReference; lastKnownFileType = sourcecode.swift; path = Typography.swift; sourceTree = "<group>"; };
		B1E4FAF0DDB5B19A98780D04 /* Reconstructor.swift */ = {isa = PBXFileReference; lastKnownFileType = sourcecode.swift; path = Reconstructor.swift; sourceTree = "<group>"; };
		B93BC82B8625652553A724C9 /* PathBReconstructorTests.swift */ = {isa = PBXFileReference; lastKnownFileType = sourcecode.swift; path = PathBReconstructorTests.swift; sourceTree = "<group>"; };
		B96FEF495A19646584595DE9 /* CourseCatalogTests.swift */ = {isa = PBXFileReference; lastKnownFileType = sourcecode.swift; path = CourseCatalogTests.swift; sourceTree = "<group>"; };
		BC765D7FB5E6B8C9B0976AF0 /* Info.plist */ = {isa = PBXFileReference; lastKnownFileType = text.plist; path = Info.plist; sourceTree = "<group>"; };
		BCE6B9DDFAAC23537DB021F9 /* WatchCommandIdempotencyTests.swift */ = {isa = PBXFileReference; lastKnownFileType = sourcecode.swift; path = WatchCommandIdempotencyTests.swift; sourceTree = "<group>"; };
		BD897253F6B7CA504A07AC13 /* LiveSessionController.swift */ = {isa = PBXFileReference; lastKnownFileType = sourcecode.swift; path = LiveSessionController.swift; sourceTree = "<group>"; };
		BFA694378BF585952A8FA8FC /* WatchCaddie.swift */ = {isa = PBXFileReference; lastKnownFileType = sourcecode.swift; path = WatchCaddie.swift; sourceTree = "<group>"; };
		C293544F208E500DAE795D2E /* WatchLocationProvider.swift */ = {isa = PBXFileReference; lastKnownFileType = sourcecode.swift; path = WatchLocationProvider.swift; sourceTree = "<group>"; };
		C4E1A5239F7D8B0933F8ADF8 /* GolfCaddie.app */ = {isa = PBXFileReference; includeInIndex = 0; lastKnownFileType = wrapper.application; path = GolfCaddie.app; sourceTree = BUILT_PRODUCTS_DIR; };
		C50E81AFF23C93859674DBC3 /* DistanceTests.swift */ = {isa = PBXFileReference; lastKnownFileType = sourcecode.swift; path = DistanceTests.swift; sourceTree = "<group>"; };
		C58DC006704EB3894FA98CDC /* PaperCard.swift */ = {isa = PBXFileReference; lastKnownFileType = sourcecode.swift; path = PaperCard.swift; sourceTree = "<group>"; };
		C6540B9B83E5D036D2B334BB /* GolfCaddieWatchApp.swift */ = {isa = PBXFileReference; lastKnownFileType = sourcecode.swift; path = GolfCaddieWatchApp.swift; sourceTree = "<group>"; };
		C87D45D677F510D8534863B6 /* HoleDetailView.swift */ = {isa = PBXFileReference; lastKnownFileType = sourcecode.swift; path = HoleDetailView.swift; sourceTree = "<group>"; };
		CB5D2F1264686230AC6D88D6 /* SwingEventContract.swift */ = {isa = PBXFileReference; lastKnownFileType = sourcecode.swift; path = SwingEventContract.swift; sourceTree = "<group>"; };
		D098D5E6FE4AFAD850ABD80F /* RoundListView.swift */ = {isa = PBXFileReference; lastKnownFileType = sourcecode.swift; path = RoundListView.swift; sourceTree = "<group>"; };
		D1215933A096A3A8231AEBEF /* Club.swift */ = {isa = PBXFileReference; lastKnownFileType = sourcecode.swift; path = Club.swift; sourceTree = "<group>"; };
		D14668FF0EB7467C98307E69 /* PathBReconstructor.swift */ = {isa = PBXFileReference; lastKnownFileType = sourcecode.swift; path = PathBReconstructor.swift; sourceTree = "<group>"; };
		D378A1B035D31197677B6907 /* ActiveRoundView.swift */ = {isa = PBXFileReference; lastKnownFileType = sourcecode.swift; path = ActiveRoundView.swift; sourceTree = "<group>"; };
		D971A6F753D38667A1738891 /* LiveSwingDetectorTests.swift */ = {isa = PBXFileReference; lastKnownFileType = sourcecode.swift; path = LiveSwingDetectorTests.swift; sourceTree = "<group>"; };
		E051EE56A58BB2C7F9009E15 /* GlassesStateMapper.swift */ = {isa = PBXFileReference; lastKnownFileType = sourcecode.swift; path = GlassesStateMapper.swift; sourceTree = "<group>"; };
		ED5D9E12804AF65F38F63102 /* GolfCaddieTests.xctest */ = {isa = PBXFileReference; includeInIndex = 0; lastKnownFileType = wrapper.cfbundle; path = GolfCaddieTests.xctest; sourceTree = BUILT_PRODUCTS_DIR; };
		F5AD27F0EAF79D4FDB5F7F21 /* HoleReconstructionCard.swift */ = {isa = PBXFileReference; lastKnownFileType = sourcecode.swift; path = HoleReconstructionCard.swift; sourceTree = "<group>"; };
		F5BB7EE3CC8370B46679152F /* parity_reference.json */ = {isa = PBXFileReference; lastKnownFileType = text.json; path = parity_reference.json; sourceTree = "<group>"; };
		F60F94159B63AFEA26728836 /* CourseCatalog.swift */ = {isa = PBXFileReference; lastKnownFileType = sourcecode.swift; path = CourseCatalog.swift; sourceTree = "<group>"; };
		F646E6FC56052DAFAE74D374 /* Distance.swift */ = {isa = PBXFileReference; lastKnownFileType = sourcecode.swift; path = Distance.swift; sourceTree = "<group>"; };
		F7407F182A7691DE61DC2A6C /* DebugHarness.swift */ = {isa = PBXFileReference; lastKnownFileType = sourcecode.swift; path = DebugHarness.swift; sourceTree = "<group>"; };
		FE1A6F5FDC821F350D55167B /* parity_accel.bin */ = {isa = PBXFileReference; lastKnownFileType = archive.macbinary; path = parity_accel.bin; sourceTree = "<group>"; };
		FEE5998979B02B62A61428D5 /* GolfCaddieWatch.app */ = {isa = PBXFileReference; explicitFileType = wrapper.application; includeInIndex = 0; path = GolfCaddieWatch.app; sourceTree = BUILT_PRODUCTS_DIR; };
/* End PBXFileReference section */

/* Begin PBXFrameworksBuildPhase section */
		9F524BD99E4820ABAD5184F9 /* Frameworks */ = {
			isa = PBXFrameworksBuildPhase;
			buildActionMask = 2147483647;
			files = (
				2AA5DAD501CD5B87340FE276 /* GRDB in Frameworks */,
			);
			runOnlyForDeploymentPostprocessing = 0;
		};
/* End PBXFrameworksBuildPhase section */

/* Begin PBXGroup section */
		02E53B39204FC70DA1017B0B /* GolfCaddieTests */ = {
			isa = PBXGroup;
			children = (
				834A29B7FA85FCD58F7784FA /* ClubAveragesTests.swift */,
				8FD6949066E849BBA391ED41 /* ClubRepositoryTests.swift */,
				B96FEF495A19646584595DE9 /* CourseCatalogTests.swift */,
				C50E81AFF23C93859674DBC3 /* DistanceTests.swift */,
				14435F38C886D865EF996AAF /* GlassesStateMapperTests.swift */,
				1C07BB10722BB642D1510227 /* IsPuttDerivationTests.swift */,
				6EFCC0D060DCC7796FA384D2 /* LiveMarkPathTests.swift */,
				D971A6F753D38667A1738891 /* LiveSwingDetectorTests.swift */,
				8A9A0C0BD7378ECCBECDB60C /* MigrationTests.swift */,
				B93BC82B8625652553A724C9 /* PathBReconstructorTests.swift */,
				99D1CB046E09AF9D51F5458D /* ReconstructorTests.swift */,
				4791A4B1CE59C4B0A85F203B /* ShotProvenanceTests.swift */,
				2A3B9A55AF8B0E6E38607DC6 /* ShotReconcilerTests.swift */,
				1F44C2D883B910A964ED558B /* TracePointRepositoryTests.swift */,
				1605D89D0BC1BC04C4959583 /* TrackSegmenterTests.swift */,
				BCE6B9DDFAAC23537DB021F9 /* WatchCommandIdempotencyTests.swift */,
				5D016DD0517744FB7DB2D78A /* Fixtures */,
				20818151AD767AF86991A8E9 /* TestSupport */,
			);
			path = GolfCaddieTests;
			sourceTree = "<group>";
		};
		20818151AD767AF86991A8E9 /* TestSupport */ = {
			isa = PBXGroup;
			children = (
				9C4C8B7425BAF1C70663535C /* TestDatabase.swift */,
			);
			path = TestSupport;
			sourceTree = "<group>";
		};
		2894BBD3C920356A1FC4D71D /* Detection */ = {
			isa = PBXGroup;
			children = (
				33BEF213A8B78A46E5D7EC1B /* LiveSwingDetector.swift */,
			);
			path = Detection;
			sourceTree = "<group>";
		};
		38FE28B5CE39CA14219C15A1 /* Shared */ = {
			isa = PBXGroup;
			children = (
				F60F94159B63AFEA26728836 /* CourseCatalog.swift */,
				F646E6FC56052DAFAE74D374 /* Distance.swift */,
				CB5D2F1264686230AC6D88D6 /* SwingEventContract.swift */,
				2894BBD3C920356A1FC4D71D /* Detection */,
			);
			path = Shared;
			sourceTree = "<group>";
		};
		4A8A58ED7DEB5873593ED1B3 /* Capture */ = {
			isa = PBXGroup;
			children = (
				3B6C5585634E087EC01A5E2B /* CourseDetector.swift */,
				15A6FE612B4F81639031484C /* LiveShotCoordinator.swift */,
				96B2CACE2697359A5D2E4BD4 /* LocationManager.swift */,
				D14668FF0EB7467C98307E69 /* PathBReconstructor.swift */,
				B1E4FAF0DDB5B19A98780D04 /* Reconstructor.swift */,
				4EEE08CB9110FAA5A5C67753 /* RoundController.swift */,
				92BF9C5A95AE6CF9E14289EA /* ShotReconciler.swift */,
				225FA4D93F76BB901F364194 /* TrackSegmenter.swift */,
				4FD787675A817C8149A4A884 /* URLSchemeHandler.swift */,
				AAD0B7E81AC25EB8B83B9463 /* WatchStatePublisher.swift */,
			);
			path = Capture;
			sourceTree = "<group>";
		};
		5D016DD0517744FB7DB2D78A /* Fixtures */ = {
			isa = PBXGroup;
			children = (
				FE1A6F5FDC821F350D55167B /* parity_accel.bin */,
				A773DA8CA78F51BAA06E458F /* parity_gyro.bin */,
				F5BB7EE3CC8370B46679152F /* parity_reference.json */,
			);
			path = Fixtures;
			sourceTree = "<group>";
		};
		60CA06BAAF723DA6B32CADCE /* GolfCaddie */ = {
			isa = PBXGroup;
			children = (
				3C1416B01A8D351562763700 /* Assets.xcassets */,
				81401367B028C28D4F518C8C /* GolfCaddie.entitlements */,
				A5F9D1D1F38C2FB8EA42882E /* GolfCaddieApp.swift */,
				BC765D7FB5E6B8C9B0976AF0 /* Info.plist */,
				4A8A58ED7DEB5873593ED1B3 /* Capture */,
				CFABF494D754DE45B63FD5D4 /* Curated */,
				99CEE2CA727A53612DAA1890 /* Debug */,
				DC4914B3BA623E1B56089D30 /* Design */,
				D3738C842BCBD3FD06890EEB /* Glasses */,
				C7643CBB0E0D71869C5FFE91 /* Models */,
				F076AD11F85AEE9F09826F88 /* Persistence */,
				38FE28B5CE39CA14219C15A1 /* Shared */,
				C4118B80B95B540CF0C36E49 /* Utils */,
				895DA5BDE4A35F94E8A542BF /* Views */,
			);
			path = GolfCaddie;
			sourceTree = "<group>";
		};
		74B95240F245EEB561EB5BFE /* GolfCaddieWatch */ = {
			isa = PBXGroup;
			children = (
				884D9CFC0229E054A051082C /* Assets.xcassets */,
				93149E8D0685E58AA5236942 /* GolfCaddieWatch.entitlements */,
				C6540B9B83E5D036D2B334BB /* GolfCaddieWatchApp.swift */,
				9ED96BDB38383FABAC3BC492 /* Info.plist */,
				BD897253F6B7CA504A07AC13 /* LiveSessionController.swift */,
				2E475F6959737E6990AB467F /* MotionRecorder.swift */,
				3CD873D31FBEDA03AAC3EB7A /* SessionMeta.swift */,
				BFA694378BF585952A8FA8FC /* WatchCaddie.swift */,
				1F1060586591CAD52578F998 /* WatchCourseStore.swift */,
				C293544F208E500DAE795D2E /* WatchLocationProvider.swift */,
				4B0137E8260A5B654DE993F1 /* WatchPreviewDebug.swift */,
				6C1EB3A36BF637FD4CBE5AB5 /* WatchRootView.swift */,
				92F47E9B144E050165B3CCD7 /* WatchSession.swift */,
				263F96D198BDF6B0C3CAF42A /* WatchTheme.swift */,
				13EE4984E072F75275181202 /* WorkoutKeeper.swift */,
			);
			path = GolfCaddieWatch;
			sourceTree = "<group>";
		};
		895DA5BDE4A35F94E8A542BF /* Views */ = {
			isa = PBXGroup;
			children = (
				6E1EEDC778425328B2C85D2B /* ActiveRoundMap.swift */,
				D378A1B035D31197677B6907 /* ActiveRoundView.swift */,
				2D2B5E6DEB2E65AB3E9B4FF6 /* BagSetupView.swift */,
				3FFF83224BE1930322659F6A /* ClubEditorSheet.swift */,
				5284AA954CF7D6A22EDBF0DA /* CoursePickerSheet.swift */,
				5F873F1576E56089D8747AF6 /* EditableHoleMap.swift */,
				C87D45D677F510D8534863B6 /* HoleDetailView.swift */,
				2051A514844C59772CDC6D6A /* HoleEditComponents.swift */,
				35EC59F88A91476EF4968B7F /* HoleGridSheet.swift */,
				4A0D4AC81E30AEAA643D7032 /* HolePinMapSheet.swift */,
				F5AD27F0EAF79D4FDB5F7F21 /* HoleReconstructionCard.swift */,
				AACE405237B270A6D4E74FBA /* HoleReviewSheet.swift */,
				3060BD727058056FCC94E4B4 /* HomeView.swift */,
				842BC140AF421DC76E8BD211 /* InRoundScorecardSheet.swift */,
				04E81FAE555CB03AF3150640 /* MissingShotPinSheet.swift */,
				1264865EE57007A986603213 /* PenaltySheet.swift */,
				5E397CFAB209E4AB0BA05F9E /* RootView.swift */,
				D098D5E6FE4AFAD850ABD80F /* RoundListView.swift */,
				93B17A3F3D410A32FD5F0025 /* RoundReviewView.swift */,
				69B7798115CE09BD0ABC2935 /* SettingsView.swift */,
			);
			path = Views;
			sourceTree = "<group>";
		};
		99CEE2CA727A53612DAA1890 /* Debug */ = {
			isa = PBXGroup;
			children = (
				F7407F182A7691DE61DC2A6C /* DebugHarness.swift */,
				1769CEC73832FC6AD02E9011 /* SpikeSessionReceiver.swift */,
				0227A16CB2DE1B1E51C5713B /* SpikeSessionsView.swift */,
			);
			path = Debug;
			sourceTree = "<group>";
		};
		B3B010B72A22DCF3F7FEE5C6 = {
			isa = PBXGroup;
			children = (
				60CA06BAAF723DA6B32CADCE /* GolfCaddie */,
				02E53B39204FC70DA1017B0B /* GolfCaddieTests */,
				74B95240F245EEB561EB5BFE /* GolfCaddieWatch */,
				DDA3D7832E5E1661F9EAEC57 /* Products */,
			);
			sourceTree = "<group>";
		};
		C4118B80B95B540CF0C36E49 /* Utils */ = {
			isa = PBXGroup;
			children = (
				35A3CB04BABA68C70A9DB968 /* BatteryMonitor.swift */,
				64F0AEAEB00F6F5EEF0CE661 /* ClubAverages.swift */,
				A5FC27DDE8AF0E9290B9D77F /* ClubCatalog.swift */,
				928974233C727A81AEE4C39F /* ClubValidation.swift */,
				0B123209BD00D13CDF3193DD /* Haptics.swift */,
			);
			path = Utils;
			sourceTree = "<group>";
		};
		C7643CBB0E0D71869C5FFE91 /* Models */ = {
			isa = PBXGroup;
			children = (
				D1215933A096A3A8231AEBEF /* Club.swift */,
				77D022ED10FCFF616D8B4F7B /* ClubConfiguration.swift */,
				5E62A706C5BFF12E6F84135A /* CuratedCourse.swift */,
				6CE6E9B62A83EB8A57FBFECB /* Hole.swift */,
				4869F686A79319D1C3C34BD3 /* Penalty.swift */,
				224DF50D0D03AB8F95BFA8A0 /* Round.swift */,
				9BA158C6DE12A37EE04DDB8A /* Shot.swift */,
				7B2DC3DBCF0CEB37E7747278 /* TracePoint.swift */,
			);
			path = Models;
			sourceTree = "<group>";
		};
		CA0327F2B236DFBA2FD320FA /* Atoms */ = {
			isa = PBXGroup;
			children = (
				6FD0F2CBF0FA371E6D67C122 /* DoubleRule.swift */,
				0BB91FA759EC17490CD9892B /* PaperBackground.swift */,
				C58DC006704EB3894FA98CDC /* PaperCard.swift */,
				5BD3C05D57722A9BAB47D008 /* ScoreBadge.swift */,
				34060B43428C97611E8532F4 /* Stamp.swift */,
			);
			path = Atoms;
			sourceTree = "<group>";
		};
		CFABF494D754DE45B63FD5D4 /* Curated */ = {
			isa = PBXGroup;
			children = (
				72F2EB7B56EA81319C703297 /* CourseSyncClient.swift */,
				8F713A68FDC1375D0DB06E15 /* WatchCatalogPusher.swift */,
			);
			path = Curated;
			sourceTree = "<group>";
		};
		D3738C842BCBD3FD06890EEB /* Glasses */ = {
			isa = PBXGroup;
			children = (
				6A297529DB11A446C33D0138 /* GlassesServer.swift */,
				E051EE56A58BB2C7F9009E15 /* GlassesStateMapper.swift */,
				2BDB736FA47E930506C4C4B9 /* GolfState.swift */,
			);
			path = Glasses;
			sourceTree = "<group>";
		};
		DC4914B3BA623E1B56089D30 /* Design */ = {
			isa = PBXGroup;
			children = (
				51AAF43D52E594F84C303988 /* Palette.swift */,
				7A27A1DEDB2B555E7F5ECCA4 /* Theme.swift */,
				AE927BEC688564893260BEE1 /* Typography.swift */,
				CA0327F2B236DFBA2FD320FA /* Atoms */,
			);
			path = Design;
			sourceTree = "<group>";
		};
		DDA3D7832E5E1661F9EAEC57 /* Products */ = {
			isa = PBXGroup;
			children = (
				C4E1A5239F7D8B0933F8ADF8 /* GolfCaddie.app */,
				ED5D9E12804AF65F38F63102 /* GolfCaddieTests.xctest */,
				FEE5998979B02B62A61428D5 /* GolfCaddieWatch.app */,
			);
			name = Products;
			sourceTree = "<group>";
		};
		F076AD11F85AEE9F09826F88 /* Persistence */ = {
			isa = PBXGroup;
			children = (
				6647B81638FF6AD842CEF465 /* Database.swift */,
				435A866F4F4085EB7AAE374C /* DatabaseExport.swift */,
				3CEE490EE5025D93E41E72F2 /* Repositories.swift */,
				1C994A588B1A1EC1A70BC968 /* TracePointRepository.swift */,
			);
			path = Persistence;
			sourceTree = "<group>";
		};
/* End PBXGroup section */

/* Begin PBXNativeTarget section */
		022610A1659A2A3A5B041F19 /* GolfCaddieWatch */ = {
			isa = PBXNativeTarget;
			buildConfigurationList = 45A609E524FB43A7C584C9EC /* Build configuration list for PBXNativeTarget "GolfCaddieWatch" */;
			buildPhases = (
				F21FD11A3A57DFBF62B9EC9B /* Sources */,
				A793B996A3FF67A46BB585A7 /* Resources */,
			);
			buildRules = (
			);
			dependencies = (
			);
			name = GolfCaddieWatch;
			packageProductDependencies = (
			);
			productName = GolfCaddieWatch;
			productReference = FEE5998979B02B62A61428D5 /* GolfCaddieWatch.app */;
			productType = "com.apple.product-type.application";
		};
		0F58EFCCAB8DE021A09D8C66 /* GolfCaddieTests */ = {
			isa = PBXNativeTarget;
			buildConfigurationList = 86EA1B7AB0F89FF4C3164017 /* Build configuration list for PBXNativeTarget "GolfCaddieTests" */;
			buildPhases = (
				BA7BD277C40A9144942DB461 /* Sources */,
				8C96FB9D95CD2E11636B7D58 /* Resources */,
			);
			buildRules = (
			);
			dependencies = (
				17FE26378DF78A93DA9AEDDE /* PBXTargetDependency */,
			);
			name = GolfCaddieTests;
			packageProductDependencies = (
			);
			productName = GolfCaddieTests;
			productReference = ED5D9E12804AF65F38F63102 /* GolfCaddieTests.xctest */;
			productType = "com.apple.product-type.bundle.unit-test";
		};
		FF93AC7EA9842DB04CE731FB /* GolfCaddie */ = {
			isa = PBXNativeTarget;
			buildConfigurationList = 68A1B87BCC51DCB2505A489E /* Build configuration list for PBXNativeTarget "GolfCaddie" */;
			buildPhases = (
				F688B403172474472B63C334 /* Sources */,
				5844CAB25EE42DFBCB9FC6B9 /* Resources */,
				9F524BD99E4820ABAD5184F9 /* Frameworks */,
				8569A5E5EE797F0119189EE1 /* Embed Watch Content */,
			);
			buildRules = (
			);
			dependencies = (
				85F146B6115AC9FFA46F4D8B /* PBXTargetDependency */,
			);
			name = GolfCaddie;
			packageProductDependencies = (
				59E6B95800688673A241E16D /* GRDB */,
			);
			productName = GolfCaddie;
			productReference = C4E1A5239F7D8B0933F8ADF8 /* GolfCaddie.app */;
			productType = "com.apple.product-type.application";
		};
/* End PBXNativeTarget section */

/* Begin PBXProject section */
		70437B6232E2297C6F46733D /* Project object */ = {
			isa = PBXProject;
			attributes = {
				BuildIndependentTargetsInParallel = YES;
				LastUpgradeCheck = 1430;
				TargetAttributes = {
					022610A1659A2A3A5B041F19 = {
						DevelopmentTeam = XH3PSRWH49;
						ProvisioningStyle = Automatic;
					};
					FF93AC7EA9842DB04CE731FB = {
						DevelopmentTeam = XH3PSRWH49;
						ProvisioningStyle = Automatic;
					};
				};
			};
			buildConfigurationList = E85E5DC1DE18E72C90A934DA /* Build configuration list for PBXProject "GolfCaddie" */;
			developmentRegion = en;
			hasScannedForEncodings = 0;
			knownRegions = (
				Base,
				en,
			);
			mainGroup = B3B010B72A22DCF3F7FEE5C6;
			minimizedProjectReferenceProxies = 1;
			packageReferences = (
				1959314EE3B55AE66FE68212 /* XCRemoteSwiftPackageReference "GRDB.swift" */,
			);
			preferredProjectObjectVersion = 77;
			productRefGroup = DDA3D7832E5E1661F9EAEC57 /* Products */;
			projectDirPath = "";
			projectRoot = "";
			targets = (
				FF93AC7EA9842DB04CE731FB /* GolfCaddie */,
				0F58EFCCAB8DE021A09D8C66 /* GolfCaddieTests */,
				022610A1659A2A3A5B041F19 /* GolfCaddieWatch */,
			);
		};
/* End PBXProject section */

/* Begin PBXResourcesBuildPhase section */
		5844CAB25EE42DFBCB9FC6B9 /* Resources */ = {
			isa = PBXResourcesBuildPhase;
			buildActionMask = 2147483647;
			files = (
				C2AA9321C5057098D782210F /* Assets.xcassets in Resources */,
			);
			runOnlyForDeploymentPostprocessing = 0;
		};
		8C96FB9D95CD2E11636B7D58 /* Resources */ = {
			isa = PBXResourcesBuildPhase;
			buildActionMask = 2147483647;
			files = (
				2CBA38E248175A5AACC13824 /* parity_accel.bin in Resources */,
				476ADE8E1A6A3F29D630E097 /* parity_gyro.bin in Resources */,
				4AC2C96E6F49246B0E8B0887 /* parity_reference.json in Resources */,
			);
			runOnlyForDeploymentPostprocessing = 0;
		};
		A793B996A3FF67A46BB585A7 /* Resources */ = {
			isa = PBXResourcesBuildPhase;
			buildActionMask = 2147483647;
			files = (
				11A1E8EDC9BB598581E1FE30 /* Assets.xcassets in Resources */,
			);
			runOnlyForDeploymentPostprocessing = 0;
		};
/* End PBXResourcesBuildPhase section */

/* Begin PBXSourcesBuildPhase section */
		BA7BD277C40A9144942DB461 /* Sources */ = {
			isa = PBXSourcesBuildPhase;
			buildActionMask = 2147483647;
			files = (
				B3BFD56BF49966147EE43E8C /* ClubAveragesTests.swift in Sources */,
				90E013D2FA35B580E792CDA1 /* ClubRepositoryTests.swift in Sources */,
				69197FFD9C4E3905F171AC76 /* CourseCatalogTests.swift in Sources */,
				95AD9FF04B01CA91C846B5FD /* DistanceTests.swift in Sources */,
				C484E3007DAC72948353A765 /* GlassesStateMapperTests.swift in Sources */,
				7699F5EC014A132209E6E9F9 /* IsPuttDerivationTests.swift in Sources */,
				FB9EBD2ADBA0FBEA9DAA17D0 /* LiveMarkPathTests.swift in Sources */,
				225506DA8A1DF9251C9D4942 /* LiveSwingDetectorTests.swift in Sources */,
				1DC14E4784DFB57E6E4177EE /* MigrationTests.swift in Sources */,
				DC8BE80DAAB549E9454A615C /* PathBReconstructorTests.swift in Sources */,
				EC4CC5CEB96985DE19576B95 /* ReconstructorTests.swift in Sources */,
				429650F51F88ED31AAACBA73 /* ShotProvenanceTests.swift in Sources */,
				CBB6B38E8C04976ED996FBEB /* ShotReconcilerTests.swift in Sources */,
				7C7DDE425EE1511B86C06237 /* TestDatabase.swift in Sources */,
				8DB18581CE5F8E81598E66AE /* TracePointRepositoryTests.swift in Sources */,
				6671E6DCD9159C766A5E9328 /* TrackSegmenterTests.swift in Sources */,
				6CEA09C75BBAE5EE1C8E42B2 /* WatchCommandIdempotencyTests.swift in Sources */,
			);
			runOnlyForDeploymentPostprocessing = 0;
		};
		F21FD11A3A57DFBF62B9EC9B /* Sources */ = {
			isa = PBXSourcesBuildPhase;
			buildActionMask = 2147483647;
			files = (
				8A7527673057375382523425 /* CourseCatalog.swift in Sources */,
				8ABA2DDCBFA18A40BDCB9685 /* Distance.swift in Sources */,
				F9437FBF4074F34BFCF88C0E /* GolfCaddieWatchApp.swift in Sources */,
				36DD40C0E98308E43BAE13D1 /* LiveSessionController.swift in Sources */,
				9CC12C43E199B5192E650A44 /* LiveSwingDetector.swift in Sources */,
				FD79038B752DBA657B0BDF4A /* MotionRecorder.swift in Sources */,
				7AE2C148B6AD19CA9C482606 /* SessionMeta.swift in Sources */,
				1A18A9F7BCBFC37158A638F5 /* SwingEventContract.swift in Sources */,
				902F0F87AA6D7EB2FCE2AE0D /* WatchCaddie.swift in Sources */,
				15700E4DBA9FDBD7AA889A28 /* WatchCourseStore.swift in Sources */,
				90380A786BDF63842FA7C18B /* WatchLocationProvider.swift in Sources */,
				38254D2EAB87937F0909E027 /* WatchPreviewDebug.swift in Sources */,
				B72205059ABB8B6809F16ACF /* WatchRootView.swift in Sources */,
				28EEDA3023EC6BB27F37253A /* WatchSession.swift in Sources */,
				CA86EFB30EB12E73215FC5DF /* WatchTheme.swift in Sources */,
				96D74403972662372AD70656 /* WorkoutKeeper.swift in Sources */,
			);
			runOnlyForDeploymentPostprocessing = 0;
		};
		F688B403172474472B63C334 /* Sources */ = {
			isa = PBXSourcesBuildPhase;
			buildActionMask = 2147483647;
			files = (
				C233D47E9D7FA04782F24312 /* ActiveRoundMap.swift in Sources */,
				5FCC058F5D19BE5D1BF40506 /* ActiveRoundView.swift in Sources */,
				C6522FA199AE44507D38DADD /* BagSetupView.swift in Sources */,
				B49B8267DE6AAD4FD181D2FD /* BatteryMonitor.swift in Sources */,
				0FB77782B842E8B14A88BD67 /* Club.swift in Sources */,
				AD67093420786372B137F195 /* ClubAverages.swift in Sources */,
				F5600B480A2E8A325771D9AD /* ClubCatalog.swift in Sources */,
				63FC2C6E4606E4ECB82C5E2E /* ClubConfiguration.swift in Sources */,
				01333E0665D7AF66E754B262 /* ClubEditorSheet.swift in Sources */,
				E40803A8881963B7E9F998A2 /* ClubValidation.swift in Sources */,
				0C1F791CBAF8AAC6F8B73396 /* CourseCatalog.swift in Sources */,
				6692E9C57FAA295FFF00D809 /* CourseDetector.swift in Sources */,
				408A9E803461EA57CEDD2A13 /* CoursePickerSheet.swift in Sources */,
				FE00F9007082FC6220E47E2F /* CourseSyncClient.swift in Sources */,
				039CA4A9AF343A2391067F34 /* CuratedCourse.swift in Sources */,
				53D6829720D4A507EB1F1933 /* Database.swift in Sources */,
				42BCC6C41C9D7A6F5B596A0C /* DatabaseExport.swift in Sources */,
				03354B7348C4C12F34A294CB /* DebugHarness.swift in Sources */,
				09E3BCDAD4F258F0E3EDFA46 /* Distance.swift in Sources */,
				4562B70E81824125A7D522FD /* DoubleRule.swift in Sources */,
				30A3DBD56C27A98821C9CBC8 /* EditableHoleMap.swift in Sources */,
				C1082490B3E9BDBEC743C2FF /* GlassesServer.swift in Sources */,
				AED513456978BBBE0CF387BD /* GlassesStateMapper.swift in Sources */,
				2D8E52EEADAC9497FCECD6A9 /* GolfCaddieApp.swift in Sources */,
				1AD407BC366D6F459F023BC9 /* GolfState.swift in Sources */,
				44EBA2F49E8D0BC42F3D1F21 /* Haptics.swift in Sources */,
				67A02C253A3BF2243347D5C6 /* Hole.swift in Sources */,
				9726158DC21C77DBB75448BD /* HoleDetailView.swift in Sources */,
				08784BB7FD830BA077986592 /* HoleEditComponents.swift in Sources */,
				ADC2D2D182AEAA6AC1C43D1C /* HoleGridSheet.swift in Sources */,
				C80562B95CBEE76185D37CA0 /* HolePinMapSheet.swift in Sources */,
				D64EE03942171ADEAC1E7631 /* HoleReconstructionCard.swift in Sources */,
				17FD1DC52AF364EF563E4C0B /* HoleReviewSheet.swift in Sources */,
				3BEEE61E9A58354C243493D9 /* HomeView.swift in Sources */,
				C942995D31409E104529FD6A /* InRoundScorecardSheet.swift in Sources */,
				F800F27EC23275A8AB28A172 /* LiveShotCoordinator.swift in Sources */,
				360BE88E19AD6D1388D54519 /* LiveSwingDetector.swift in Sources */,
				0B2C28A7130D25EC20912668 /* LocationManager.swift in Sources */,
				FD6ADFAA4F78E1C44D942621 /* MissingShotPinSheet.swift in Sources */,
				3DDA440A6367402D60919ACF /* Palette.swift in Sources */,
				69DA1257B5848204D10965EF /* PaperBackground.swift in Sources */,
				9CE74575B01074FDFC500E06 /* PaperCard.swift in Sources */,
				2967C4C44B39F49E41C7E2B0 /* PathBReconstructor.swift in Sources */,
				BF4CB2C25356B113E16430C5 /* Penalty.swift in Sources */,
				40C1D692B140407E028E5C1D /* PenaltySheet.swift in Sources */,
				08F0CE55EDFE7E279F1DD324 /* Reconstructor.swift in Sources */,
				416805C2E1F5D4342873E424 /* Repositories.swift in Sources */,
				22575FE1672CB6B5648DFA9F /* RootView.swift in Sources */,
				B6127BDB7C32100F76A455AA /* Round.swift in Sources */,
				0148C1A22744756BE154B00D /* RoundController.swift in Sources */,
				0A3552F134A03D633446A1FD /* RoundListView.swift in Sources */,
				E92720B1E160C818CD26CE54 /* RoundReviewView.swift in Sources */,
				CB5A9A9C16C208A86FEB4EE3 /* ScoreBadge.swift in Sources */,
				09A1954BACE3929F39169BE7 /* SettingsView.swift in Sources */,
				E2DD95E6606B16CA5F9708BC /* Shot.swift in Sources */,
				0194CC3F7FFCED61C45BFD19 /* ShotReconciler.swift in Sources */,
				0EF2031E56038C1D231B9565 /* SpikeSessionReceiver.swift in Sources */,
				72D67C615D4FCA53848A2F03 /* SpikeSessionsView.swift in Sources */,
				7DA91DFBFD17CA0C079142E3 /* Stamp.swift in Sources */,
				2C45DDDACF76CF3DD641A328 /* SwingEventContract.swift in Sources */,
				68BB65559653CCF8BC837595 /* Theme.swift in Sources */,
				2E79FB1C2E13592F4ECF4E1E /* TracePoint.swift in Sources */,
				F500EC7B8F71C46594272715 /* TracePointRepository.swift in Sources */,
				2A7E41B09E4063659A53726F /* TrackSegmenter.swift in Sources */,
				B6F539EDFA096CDA5BB240C5 /* Typography.swift in Sources */,
				68703A24569E6BC394409AD6 /* URLSchemeHandler.swift in Sources */,
				9BB2735CE47EA751994F7D3C /* WatchCatalogPusher.swift in Sources */,
				8560129CF8022BF3D73DC681 /* WatchStatePublisher.swift in Sources */,
			);
			runOnlyForDeploymentPostprocessing = 0;
		};
/* End PBXSourcesBuildPhase section */

/* Begin PBXTargetDependency section */
		17FE26378DF78A93DA9AEDDE /* PBXTargetDependency */ = {
			isa = PBXTargetDependency;
			target = FF93AC7EA9842DB04CE731FB /* GolfCaddie */;
			targetProxy = 00831FBDA0BD5EF3C12CFEBA /* PBXContainerItemProxy */;
		};
		85F146B6115AC9FFA46F4D8B /* PBXTargetDependency */ = {
			isa = PBXTargetDependency;
			target = 022610A1659A2A3A5B041F19 /* GolfCaddieWatch */;
			targetProxy = 7379359A7E407DE307633301 /* PBXContainerItemProxy */;
		};
/* End PBXTargetDependency section */

/* Begin XCBuildConfiguration section */
		25F779538588C4C383B1EF1A /* Release */ = {
			isa = XCBuildConfiguration;
			buildSettings = {
				ALWAYS_SEARCH_USER_PATHS = NO;
				CLANG_ANALYZER_NONNULL = YES;
				CLANG_ANALYZER_NUMBER_OBJECT_CONVERSION = YES_AGGRESSIVE;
				CLANG_CXX_LANGUAGE_STANDARD = "gnu++14";
				CLANG_CXX_LIBRARY = "libc++";
				CLANG_ENABLE_MODULES = YES;
				CLANG_ENABLE_OBJC_ARC = YES;
				CLANG_ENABLE_OBJC_WEAK = YES;
				CLANG_WARN_BLOCK_CAPTURE_AUTORELEASING = YES;
				CLANG_WARN_BOOL_CONVERSION = YES;
				CLANG_WARN_COMMA = YES;
				CLANG_WARN_CONSTANT_CONVERSION = YES;
				CLANG_WARN_DEPRECATED_OBJC_IMPLEMENTATIONS = YES;
				CLANG_WARN_DIRECT_OBJC_ISA_USAGE = YES_ERROR;
				CLANG_WARN_DOCUMENTATION_COMMENTS = YES;
				CLANG_WARN_EMPTY_BODY = YES;
				CLANG_WARN_ENUM_CONVERSION = YES;
				CLANG_WARN_INFINITE_RECURSION = YES;
				CLANG_WARN_INT_CONVERSION = YES;
				CLANG_WARN_NON_LITERAL_NULL_CONVERSION = YES;
				CLANG_WARN_OBJC_IMPLICIT_RETAIN_SELF = YES;
				CLANG_WARN_OBJC_LITERAL_CONVERSION = YES;
				CLANG_WARN_OBJC_ROOT_CLASS = YES_ERROR;
				CLANG_WARN_QUOTED_INCLUDE_IN_FRAMEWORK_HEADER = YES;
				CLANG_WARN_RANGE_LOOP_ANALYSIS = YES;
				CLANG_WARN_STRICT_PROTOTYPES = YES;
				CLANG_WARN_SUSPICIOUS_MOVE = YES;
				CLANG_WARN_UNGUARDED_AVAILABILITY = YES_AGGRESSIVE;
				CLANG_WARN_UNREACHABLE_CODE = YES;
				CLANG_WARN__DUPLICATE_METHOD_MATCH = YES;
				COPY_PHASE_STRIP = NO;
				DEBUG_INFORMATION_FORMAT = "dwarf-with-dsym";
				ENABLE_NS_ASSERTIONS = NO;
				ENABLE_STRICT_OBJC_MSGSEND = YES;
				GCC_C_LANGUAGE_STANDARD = gnu11;
				GCC_NO_COMMON_BLOCKS = YES;
				GCC_WARN_64_TO_32_BIT_CONVERSION = YES;
				GCC_WARN_ABOUT_RETURN_TYPE = YES_ERROR;
				GCC_WARN_UNDECLARED_SELECTOR = YES;
				GCC_WARN_UNINITIALIZED_AUTOS = YES_AGGRESSIVE;
				GCC_WARN_UNUSED_FUNCTION = YES;
				GCC_WARN_UNUSED_VARIABLE = YES;
				IPHONEOS_DEPLOYMENT_TARGET = 26.0;
				MTL_ENABLE_DEBUG_INFO = NO;
				MTL_FAST_MATH = YES;
				PRODUCT_NAME = "$(TARGET_NAME)";
				SWIFT_COMPILATION_MODE = wholemodule;
				SWIFT_OPTIMIZATION_LEVEL = "-O";
				SWIFT_VERSION = 5.0;
				WATCHOS_DEPLOYMENT_TARGET = 11.0;
			};
			name = Release;
		};
		560D68982C11E1BB0E6185AF /* Debug */ = {
			isa = XCBuildConfiguration;
			buildSettings = {
				BUNDLE_LOADER = "$(TEST_HOST)";
				GENERATE_INFOPLIST_FILE = YES;
				IPHONEOS_DEPLOYMENT_TARGET = 26.0;
				LD_RUNPATH_SEARCH_PATHS = (
					"$(inherited)",
					"@executable_path/Frameworks",
					"@loader_path/Frameworks",
				);
				PRODUCT_BUNDLE_IDENTIFIER = com.moisesvargasjr.golfcaddie.tests;
				SDKROOT = iphoneos;
				SWIFT_VERSION = 5.0;
				TARGETED_DEVICE_FAMILY = 1;
				TEST_HOST = "$(BUILT_PRODUCTS_DIR)/GolfCaddie.app/$(BUNDLE_EXECUTABLE_FOLDER_PATH)/GolfCaddie";
			};
			name = Debug;
		};
		7681DFEAC9346E4BE7116C60 /* Debug */ = {
			isa = XCBuildConfiguration;
			buildSettings = {
				ASSETCATALOG_COMPILER_APPICON_NAME = AppIcon;
				ASSETCATALOG_COMPILER_GLOBAL_ACCENT_COLOR_NAME = AccentColor;
				CODE_SIGN_ENTITLEMENTS = GolfCaddieWatch/GolfCaddieWatch.entitlements;
				CODE_SIGN_STYLE = Automatic;
				DEVELOPMENT_TEAM = XH3PSRWH49;
				GENERATE_INFOPLIST_FILE = NO;
				INFOPLIST_FILE = GolfCaddieWatch/Info.plist;
				PRODUCT_BUNDLE_IDENTIFIER = com.moisesvargasjr.golfcaddie.watchkitapp;
				SDKROOT = watchos;
				SKIP_INSTALL = YES;
				SWIFT_VERSION = 5.0;
				TARGETED_DEVICE_FAMILY = 4;
			};
			name = Debug;
		};
		7A3B39A4114F4487B88411A8 /* Debug */ = {
			isa = XCBuildConfiguration;
			buildSettings = {
				ASSETCATALOG_COMPILER_ALTERNATE_APPICON_NAMES = "AppIcon-Dark";
				ASSETCATALOG_COMPILER_APPICON_NAME = AppIcon;
				CODE_SIGN_ENTITLEMENTS = GolfCaddie/GolfCaddie.entitlements;
				CODE_SIGN_IDENTITY = "iPhone Developer";
				CODE_SIGN_STYLE = Automatic;
				DEVELOPMENT_TEAM = XH3PSRWH49;
				GENERATE_INFOPLIST_FILE = NO;
				INFOPLIST_FILE = GolfCaddie/Info.plist;
				IPHONEOS_DEPLOYMENT_TARGET = 26.0;
				LD_RUNPATH_SEARCH_PATHS = (
					"$(inherited)",
					"@executable_path/Frameworks",
				);
				PRODUCT_BUNDLE_IDENTIFIER = com.moisesvargasjr.golfcaddie;
				SDKROOT = iphoneos;
				SWIFT_VERSION = 5.0;
				TARGETED_DEVICE_FAMILY = 1;
			};
			name = Debug;
		};
		87544DDA5E0D50102CD3C6D8 /* Debug */ = {
			isa = XCBuildConfiguration;
			buildSettings = {
				ALWAYS_SEARCH_USER_PATHS = NO;
				CLANG_ANALYZER_NONNULL = YES;
				CLANG_ANALYZER_NUMBER_OBJECT_CONVERSION = YES_AGGRESSIVE;
				CLANG_CXX_LANGUAGE_STANDARD = "gnu++14";
				CLANG_CXX_LIBRARY = "libc++";
				CLANG_ENABLE_MODULES = YES;
				CLANG_ENABLE_OBJC_ARC = YES;
				CLANG_ENABLE_OBJC_WEAK = YES;
				CLANG_WARN_BLOCK_CAPTURE_AUTORELEASING = YES;
				CLANG_WARN_BOOL_CONVERSION = YES;
				CLANG_WARN_COMMA = YES;
				CLANG_WARN_CONSTANT_CONVERSION = YES;
				CLANG_WARN_DEPRECATED_OBJC_IMPLEMENTATIONS = YES;
				CLANG_WARN_DIRECT_OBJC_ISA_USAGE = YES_ERROR;
				CLANG_WARN_DOCUMENTATION_COMMENTS = YES;
				CLANG_WARN_EMPTY_BODY = YES;
				CLANG_WARN_ENUM_CONVERSION = YES;
				CLANG_WARN_INFINITE_RECURSION = YES;
				CLANG_WARN_INT_CONVERSION = YES;
				CLANG_WARN_NON_LITERAL_NULL_CONVERSION = YES;
				CLANG_WARN_OBJC_IMPLICIT_RETAIN_SELF = YES;
				CLANG_WARN_OBJC_LITERAL_CONVERSION = YES;
				CLANG_WARN_OBJC_ROOT_CLASS = YES_ERROR;
				CLANG_WARN_QUOTED_INCLUDE_IN_FRAMEWORK_HEADER = YES;
				CLANG_WARN_RANGE_LOOP_ANALYSIS = YES;
				CLANG_WARN_STRICT_PROTOTYPES = YES;
				CLANG_WARN_SUSPICIOUS_MOVE = YES;
				CLANG_WARN_UNGUARDED_AVAILABILITY = YES_AGGRESSIVE;
				CLANG_WARN_UNREACHABLE_CODE = YES;
				CLANG_WARN__DUPLICATE_METHOD_MATCH = YES;
				COPY_PHASE_STRIP = NO;
				DEBUG_INFORMATION_FORMAT = dwarf;
				ENABLE_STRICT_OBJC_MSGSEND = YES;
				ENABLE_TESTABILITY = YES;
				GCC_C_LANGUAGE_STANDARD = gnu11;
				GCC_DYNAMIC_NO_PIC = NO;
				GCC_NO_COMMON_BLOCKS = YES;
				GCC_OPTIMIZATION_LEVEL = 0;
				GCC_PREPROCESSOR_DEFINITIONS = (
					"$(inherited)",
					"DEBUG=1",
				);
				GCC_WARN_64_TO_32_BIT_CONVERSION = YES;
				GCC_WARN_ABOUT_RETURN_TYPE = YES_ERROR;
				GCC_WARN_UNDECLARED_SELECTOR = YES;
				GCC_WARN_UNINITIALIZED_AUTOS = YES_AGGRESSIVE;
				GCC_WARN_UNUSED_FUNCTION = YES;
				GCC_WARN_UNUSED_VARIABLE = YES;
				IPHONEOS_DEPLOYMENT_TARGET = 26.0;
				MTL_ENABLE_DEBUG_INFO = INCLUDE_SOURCE;
				MTL_FAST_MATH = YES;
				ONLY_ACTIVE_ARCH = YES;
				PRODUCT_NAME = "$(TARGET_NAME)";
				SWIFT_ACTIVE_COMPILATION_CONDITIONS = DEBUG;
				SWIFT_OPTIMIZATION_LEVEL = "-Onone";
				SWIFT_VERSION = 5.0;
				WATCHOS_DEPLOYMENT_TARGET = 11.0;
			};
			name = Debug;
		};
		97386BA44A21F4227B643465 /* Release */ = {
			isa = XCBuildConfiguration;
			buildSettings = {
				ASSETCATALOG_COMPILER_ALTERNATE_APPICON_NAMES = "AppIcon-Dark";
				ASSETCATALOG_COMPILER_APPICON_NAME = AppIcon;
				CODE_SIGN_ENTITLEMENTS = GolfCaddie/GolfCaddie.entitlements;
				CODE_SIGN_IDENTITY = "iPhone Developer";
				CODE_SIGN_STYLE = Automatic;
				DEVELOPMENT_TEAM = XH3PSRWH49;
				GENERATE_INFOPLIST_FILE = NO;
				INFOPLIST_FILE = GolfCaddie/Info.plist;
				IPHONEOS_DEPLOYMENT_TARGET = 26.0;
				LD_RUNPATH_SEARCH_PATHS = (
					"$(inherited)",
					"@executable_path/Frameworks",
				);
				PRODUCT_BUNDLE_IDENTIFIER = com.moisesvargasjr.golfcaddie;
				SDKROOT = iphoneos;
				SWIFT_VERSION = 5.0;
				TARGETED_DEVICE_FAMILY = 1;
			};
			name = Release;
		};
		D045110C2DFFD509EF3A9A7D /* Release */ = {
			isa = XCBuildConfiguration;
			buildSettings = {
				BUNDLE_LOADER = "$(TEST_HOST)";
				GENERATE_INFOPLIST_FILE = YES;
				IPHONEOS_DEPLOYMENT_TARGET = 26.0;
				LD_RUNPATH_SEARCH_PATHS = (
					"$(inherited)",
					"@executable_path/Frameworks",
					"@loader_path/Frameworks",
				);
				PRODUCT_BUNDLE_IDENTIFIER = com.moisesvargasjr.golfcaddie.tests;
				SDKROOT = iphoneos;
				SWIFT_VERSION = 5.0;
				TARGETED_DEVICE_FAMILY = 1;
				TEST_HOST = "$(BUILT_PRODUCTS_DIR)/GolfCaddie.app/$(BUNDLE_EXECUTABLE_FOLDER_PATH)/GolfCaddie";
			};
			name = Release;
		};
		EA6ECFA73CB82B9EE91344BC /* Release */ = {
			isa = XCBuildConfiguration;
			buildSettings = {
				ASSETCATALOG_COMPILER_APPICON_NAME = AppIcon;
				ASSETCATALOG_COMPILER_GLOBAL_ACCENT_COLOR_NAME = AccentColor;
				CODE_SIGN_ENTITLEMENTS = GolfCaddieWatch/GolfCaddieWatch.entitlements;
				CODE_SIGN_STYLE = Automatic;
				DEVELOPMENT_TEAM = XH3PSRWH49;
				GENERATE_INFOPLIST_FILE = NO;
				INFOPLIST_FILE = GolfCaddieWatch/Info.plist;
				PRODUCT_BUNDLE_IDENTIFIER = com.moisesvargasjr.golfcaddie.watchkitapp;
				SDKROOT = watchos;
				SKIP_INSTALL = YES;
				SWIFT_VERSION = 5.0;
				TARGETED_DEVICE_FAMILY = 4;
			};
			name = Release;
		};
/* End XCBuildConfiguration section */

/* Begin XCConfigurationList section */
		45A609E524FB43A7C584C9EC /* Build configuration list for PBXNativeTarget "GolfCaddieWatch" */ = {
			isa = XCConfigurationList;
			buildConfigurations = (
				7681DFEAC9346E4BE7116C60 /* Debug */,
				EA6ECFA73CB82B9EE91344BC /* Release */,
			);
			defaultConfigurationIsVisible = 0;
			defaultConfigurationName = Debug;
		};
		68A1B87BCC51DCB2505A489E /* Build configuration list for PBXNativeTarget "GolfCaddie" */ = {
			isa = XCConfigurationList;
			buildConfigurations = (
				7A3B39A4114F4487B88411A8 /* Debug */,
				97386BA44A21F4227B643465 /* Release */,
			);
			defaultConfigurationIsVisible = 0;
			defaultConfigurationName = Debug;
		};
		86EA1B7AB0F89FF4C3164017 /* Build configuration list for PBXNativeTarget "GolfCaddieTests" */ = {
			isa = XCConfigurationList;
			buildConfigurations = (
				560D68982C11E1BB0E6185AF /* Debug */,
				D045110C2DFFD509EF3A9A7D /* Release */,
			);
			defaultConfigurationIsVisible = 0;
			defaultConfigurationName = Debug;
		};
		E85E5DC1DE18E72C90A934DA /* Build configuration list for PBXProject "GolfCaddie" */ = {
			isa = XCConfigurationList;
			buildConfigurations = (
				87544DDA5E0D50102CD3C6D8 /* Debug */,
				25F779538588C4C383B1EF1A /* Release */,
			);
			defaultConfigurationIsVisible = 0;
			defaultConfigurationName = Debug;
		};
/* End XCConfigurationList section */

/* Begin XCRemoteSwiftPackageReference section */
		1959314EE3B55AE66FE68212 /* XCRemoteSwiftPackageReference "GRDB.swift" */ = {
			isa = XCRemoteSwiftPackageReference;
			repositoryURL = "https://github.com/groue/GRDB.swift";
			requirement = {
				kind = upToNextMajorVersion;
				minimumVersion = 7.0.0;
			};
		};
/* End XCRemoteSwiftPackageReference section */

/* Begin XCSwiftPackageProductDependency section */
		59E6B95800688673A241E16D /* GRDB */ = {
			isa = XCSwiftPackageProductDependency;
			package = 1959314EE3B55AE66FE68212 /* XCRemoteSwiftPackageReference "GRDB.swift" */;
			productName = GRDB;
		};
/* End XCSwiftPackageProductDependency section */
	};
	rootObject = 70437B6232E2297C6F46733D /* Project object */;
}
